github.com/RyuaNerin/go-krypto v1.0.2 h1:9KiZrrBs+tDrQ66dNy4nrX6SzntKtSKdm0wKHhdB4WM=
github.com/RyuaNerin/go-krypto v1.0.2/go.mod h1:17LzMeJCgzGTkPH3TmfzRnEJ/yA7ErhTPp9sxIqONtA=
github.com/emmansun/certinfo v0.1.0 h1:f3xgzFHjGkeEKUysCuofc8UOyYqRNP9LIWZa5o1Dz1U=
github.com/emmansun/certinfo v0.1.0/go.mod h1:nS7ylLEXORr7PEZRhAl/qbxI3YKHuc2ZRKKpK2BV72Q=
github.com/emmansun/gmsm v0.14.0/go.mod h1:Arb6+udgQfz1R0BQFE2rKZAxkhbMGftwlaKjsnSjaiw=
github.com/emmansun/gmsm v0.14.1 h1:Qq7uxLe1DoCs1DlX9bMdX3pwdwhtw/DbDZJgysvB1CU=
github.com/emmansun/gmsm v0.14.1/go.mod h1:wf9+tyGCA1TRY5IBtaE8uZ4tnaL/ZkmRWMavUdzq0Iw=
github.com/pedroalbanese/anubis v0.0.0-gama h1:06CnGLlF4N7JU8POmN9DntPs6t2e64lo5PmbOdLtrq8=
github.com/pedroalbanese/anubis v0.0.0-gama/go.mod h1:MMJog7ga594ydzm17Qzj8wIynFJmrp/gFzZIjdX/2fQ=
github.com/pedroalbanese/camellia v0.0.0-20220911183557-30cc05c20118 h1:GJQwwzoQDXGcYO35ViGcG/A994BGB35/7dNoVW4Je8s=
github.com/pedroalbanese/camellia v0.0.0-20220911183557-30cc05c20118/go.mod h1:V3wL7j9ikGCLRV2DMTQZnUqZQnGcQGEqpvTLE0ZcGY8=
github.com/pedroalbanese/cast5 v0.0.0-20220924202825-3e5c3c00277c h1:fKLoo18L3mIH1rIKyTqUmmDT8a0xRYN932G7fqVeZ1k=
github.com/pedroalbanese/cast5 v0.0.0-20220924202825-3e5c3c00277c/go.mod h1:ta7SFMOyQjU4OMM+J+npSOLu6VT4J4ZiQ/a7Chfw8is=
github.com/pedroalbanese/cfb8 v0.0.0 h1:+jfeldix8MoUNIGRqE2aGS05kjOYWsBjphu/OdiZ0bU=
github.com/pedroalbanese/cfb8 v0.0.0/go.mod h1:RQTDlvBNZIE7xaQuoiYIXYTxBR//B+HhEZpidQHFivY=
github.com/pedroalbanese/cmac v0.0.0-20210429130952-a58975ec8f4c h1:mX7NRMOVOwh5IVth4a/wsF5ZSO8uAZ6/NNepa07u9jg=
github.com/pedroalbanese/cmac v0.0.0-20210429130952-a58975ec8f4c/go.mod h1:5AAl1CY49A0PRTLlbGIOkmWLRyDY3c9WfBjdOWDGWww=
github.com/pedroalbanese/go-external-ip v0.0.0-20200601212049-c872357d968e h1:VUR1tH5e1MXJgiJNq+8kh8ztihi5/wrkuIEG4bmYpBU=
github.com/pedroalbanese/go-external-ip v0.0.0-20200601212049-c872357d968e/go.mod h1:SvmxrS/2giIWAuUE60MY8tf9mgI0gBLc1Q1W4juTans=
github.com/pedroalbanese/go-idea v0.0.0-20170306091226-d2fb45a411fb h1:DbXfqQlMrVOoCnlaUvadwU9wlmuEcTHD1AJjDzls5KI=
github.com/pedroalbanese/go-idea v0.0.0-20170306091226-d2fb45a411fb/go.mod h1:MCFBIvwimQFbM99CHdVwTKr7PhaYgQpsK8zRRECmACk=
github.com/pedroalbanese/go-krcrypt v0.0.0-20170928183100-a0c871728ae1 h1:u0NdzhCdSPnuRA2nKIg7CAW0F8Pl8dRooy/g0i+4tGw=
github.com/pedroalbanese/go-krcrypt v0.0.0-20170928183100-a0c871728ae1/go.mod h1:7LOlyYV2C5+0UD7eoPYN9fuGds6A3Y73tWihNKFQHO8=
github.com/pedroalbanese/go-rc5 v0.0.0-20181025211356-a14dd155920a h1:A44dEfQF9P/nft5Oi/lteB6Tk3krO+xe3r65D2FiMZc=
github.com/pedroalbanese/go-rc5 v0.0.0-20181025211356-a14dd155920a/go.mod h1:nVuhsla4svgWTrzUbeg75dMmFkaqmnTabTVE2OmK3bA=
github.com/pedroalbanese/gogost v0.0.0-20220417104440-4d34dbc5957c h1:ZTaxii+Lx3DYndAJyT+j/33lFbcGi5KegVJ8fksd8QA=
github.com/pedroalbanese/gogost v0.0.0-20220417104440-4d34dbc5957c/go.mod h1:OE57eDVJnUjrOz821fgDD0maXt4RmTXjoXTaTv7f3wM=
github.com/pedroalbanese/kuznechik v0.0.0 h1:JiVREgKdbKnvof57hL1sCkatIy97JBymQwUUDrorSEo=
github.com/pedroalbanese/kuznechik v0.0.0/go.mod h1:mRbUXtz1RYBvxIjCRPSM4fw6/KPfBRVh3jiX3BMhHO8=
github.com/pedroalbanese/randomart v0.0.0-20130402080559-540116cac932 h1:lhyWm5kEilIJI800qc210GWsjJmln9o3vEr71nur//U=
github.com/pedroalbanese/randomart v0.0.0-20130402080559-540116cac932/go.mod h1:VkPk1ppMWhMMgMxu4kLy8vGEvxY3Q+hp/SN9za0GKxc=
github.com/pedroalbanese/rc2 v0.0.0-20131011165748-24b9757f5521 h1:ObGXSrJQ6vQQrCU+A0ywvQVtFv5g0RnMZIhMhQ8e7O0=
github.com/pedroalbanese/rc2 v0.0.0-20131011165748-24b9757f5521/go.mod h1:BOC4I1JujHVVw3USD93sIGqc7jJhuWuIM5ktBhoKuco=
github.com/pedroalbanese/whirlpool v0.0.0-20220911221330-8ad94dd14447 h1:ouut+zeswugb4asBoOejuy+hFWvXXnVPFnKJmDFtoko=
github.com/pedroalbanese/whirlpool v0.0.0-20220911221330-8ad94dd14447/go.mod h1:hmEg12nLjNeVJaroqA6z3wubkSxGRVohaAD4cNuysRg=
github.com/pkg/errors v0.9.1 h1:FEBLx1zS214owpjy7qsBeixbURkuhQAwrK5UwLGTwt4=
github.com/pkg/errors v0.9.1/go.mod h1:bwawxfHBFNV+L2hUp1rHADufV3IMtnDRdf1r5NINEl0=
golang.org/x/crypto v0.0.0-20210503195802-e9a32991a82e/go.mod h1:P+XmwS30IXTQdn5tA2iutPOUgjI07+tq3H3K9MVA1s8=
golang.org/x/crypto v0.0.0-20220722155217-630584e8d5aa/go.mod h1:IxCIyHEi3zRg3s0A5j5BB6A9Jmi73HwBIUl50j+osU4=
golang.org/x/crypto v0.0.0-20220829220503-c86fa9a7ed90/go.mod h1:IxCIyHEi3zRg3s0A5j5BB6A9Jmi73HwBIUl50j+osU4=
golang.org/x/crypto v0.0.0-20220924013350-4ba4fb4dd9e7 h1:WJywXQVIb56P2kAvXeMGTIgQ1ZHQxR60+F9dLsodECc=
golang.org/x/crypto v0.0.0-20220924013350-4ba4fb4dd9e7/go.mod h1:IxCIyHEi3zRg3s0A5j5BB6A9Jmi73HwBIUl50j+osU4=
golang.org/x/net v0.0.0-20210226172049-e18ecbb05110/go.mod h1:m0MpNAwzfU5UDzcl9v0D8zg8gWTRqZa9RBIspLL5mdg=
golang.org/x/net v0.0.0-20211112202133-69e39bad7dc2/go.mod h1:9nx3DQGgdP8bBQD5qxJ1jj9UTztislL4KSBs9R2vV5Y=
golang.org/x/net v0.0.0-20220909164309-bea034e7d591/go.mod h1:YDH+HFinaLZZlnHAfSS6ZXJJ9M9t4Dl22yv3iI2vPwk=
golang.org/x/sys v0.0.0-20201119102817-f84b799fce68/go.mod h1:h1NjWce9XRLGQEsW7wpKNCjG9DtNlClVuFLEZdDNbEs=
golang.org/x/sys v0.0.0-20210423082822-04245dca01da/go.mod h1:h1NjWce9XRLGQEsW7wpKNCjG9DtNlClVuFLEZdDNbEs=
golang.org/x/sys v0.0.0-20210615035016-665e8c7367d1/go.mod h1:oPkhp1MJrh7nUepCBck5+mAzfO9JrbApNNgaTdGDITg=
golang.org/x/sys v0.0.0-20220728004956-3c1f35247d10/go.mod h1:oPkhp1MJrh7nUepCBck5+mAzfO9JrbApNNgaTdGDITg=
golang.org/x/sys v0.0.0-20220829200755-d48e67d00261/go.mod h1:oPkhp1MJrh7nUepCBck5+mAzfO9JrbApNNgaTdGDITg=
golang.org/x/sys v0.0.0-20220919091848-fb04ddd9f9c8 h1:h+EGohizhe9XlX18rfpa8k8RAc5XyaeamM+0VHRd4lc=
golang.org/x/sys v0.0.0-20220919091848-fb04ddd9f9c8/go.mod h1:oPkhp1MJrh7nUepCBck5+mAzfO9JrbApNNgaTdGDITg=
golang.org/x/term v0.0.0-20201126162022-7de9c90e9dd1/go.mod h1:bj7SfCRtBDWHUb9snDiAeCFNEtKQo2Wmx5Cou7ajbmo=
golang.org/x/term v0.0.0-20210927222741-03fcf44c2211/go.mod h1:jbD1KX2456YbFQfuXm/mYQcufACuNUgVhRMnK/tPxf8=
golang.org/x/text v0.3.3/go.mod h1:5Zoc/QRtKVWzQhOtBMvqHzDpF6irO9z98xDceosuGiQ=
golang.org/x/text v0.3.6/go.mod h1:5Zoc/QRtKVWzQhOtBMvqHzDpF6irO9z98xDceosuGiQ=
golang.org/x/text v0.3.7/go.mod h1:u+2+/6zg+i71rQMx5EYifcz6MCKuco9NR6JIITiCfzQ=
golang.org/x/tools v0.0.0-20180917221912-90fa682c2a6e/go.mod h1:n7NCudcB/nEzxVGmLbDWY5pfWTLqBcC2KZ6jyYvM4mQ=
