gitee.com/Trisia/gotlcp v1.3.1 h1:VCL/SaDRKCjRUutRpYHAbv1F8dCD8CV9DNSICwDqTRw=
gitee.com/Trisia/gotlcp v1.3.1/go.mod h1:64lUpvb9TCUFJxygMKYhGRMPWnUBwxk2RDMEaGLZVMw=
github.com/RyuaNerin/go-krypto v1.0.2 h1:9KiZrrBs+tDrQ66dNy4nrX6SzntKtSKdm0wKHhdB4WM=
github.com/RyuaNerin/go-krypto v1.0.2/go.mod h1:17LzMeJCgzGTkPH3TmfzRnEJ/yA7ErhTPp9sxIqONtA=
github.com/emmansun/certinfo v0.1.0 h1:f3xgzFHjGkeEKUysCuofc8UOyYqRNP9LIWZa5o1Dz1U=
github.com/emmansun/certinfo v0.1.0/go.mod h1:nS7ylLEXORr7PEZRhAl/qbxI3YKHuc2ZRKKpK2BV72Q=
github.com/emmansun/gmsm v0.16.0 h1:ibGGt6eXO+Hxw51xCstaQ0T74c1urCUV4hTO2ippSoc=
github.com/emmansun/gmsm v0.16.0/go.mod h1:aCAxgmsH3KnrxzvRLNfFQRQ7llppVaor40JXmeAKEVA=
github.com/emmansun/go-pkcs12 v0.1.2 h1:qMFghPSXzAajYP831a56jEjSxjoBybf6r0J0KKyUMlo=
github.com/emmansun/go-pkcs12 v0.1.2/go.mod h1:hMD0vZq45JGweVSGv9Tk0gcAdZVXkqKAeUe+XNn8hf0=
github.com/mmcloughlin/avo v0.4.0/go.mod h1:RW9BfYA3TgO9uCdNrKU2h6J8cPD8ZLznvfgHAeszb1s=
github.com/pedroalbanese/IGE-go v0.0.0-20140730194654-752bc7fd80fb h1:2GTkI6b/GaOzjZSB161w491QrxsHWpxV1FNr7ds+7Jc=
github.com/pedroalbanese/IGE-go v0.0.0-20140730194654-752bc7fd80fb/go.mod h1:EnRxQQGUSvWsqNFSAtGSuyjJKl91Csy57sQ1atRV01k=
github.com/pedroalbanese/anubis v0.0.0-gama h1:06CnGLlF4N7JU8POmN9DntPs6t2e64lo5PmbOdLtrq8=
github.com/pedroalbanese/anubis v0.0.0-gama/go.mod h1:MMJog7ga594ydzm17Qzj8wIynFJmrp/gFzZIjdX/2fQ=
github.com/pedroalbanese/camellia v0.0.0-20220911183557-30cc05c20118 h1:GJQwwzoQDXGcYO35ViGcG/A994BGB35/7dNoVW4Je8s=
github.com/pedroalbanese/camellia v0.0.0-20220911183557-30cc05c20118/go.mod h1:V3wL7j9ikGCLRV2DMTQZnUqZQnGcQGEqpvTLE0ZcGY8=
github.com/pedroalbanese/cast5 v0.0.0-20220924202825-3e5c3c00277c h1:fKLoo18L3mIH1rIKyTqUmmDT8a0xRYN932G7fqVeZ1k=
github.com/pedroalbanese/cast5 v0.0.0-20220924202825-3e5c3c00277c/go.mod h1:ta7SFMOyQjU4OMM+J+npSOLu6VT4J4ZiQ/a7Chfw8is=
github.com/pedroalbanese/cfb8 v0.0.0 h1:+jfeldix8MoUNIGRqE2aGS05kjOYWsBjphu/OdiZ0bU=
github.com/pedroalbanese/cfb8 v0.0.0/go.mod h1:RQTDlvBNZIE7xaQuoiYIXYTxBR//B+HhEZpidQHFivY=
github.com/pedroalbanese/cmac v0.0.0-20210429130952-a58975ec8f4c h1:mX7NRMOVOwh5IVth4a/wsF5ZSO8uAZ6/NNepa07u9jg=
github.com/pedroalbanese/cmac v0.0.0-20210429130952-a58975ec8f4c/go.mod h1:5AAl1CY49A0PRTLlbGIOkmWLRyDY3c9WfBjdOWDGWww=
github.com/pedroalbanese/crypto v0.0.0-20230125215802-8b7e99ecbad3 h1:4NrgC9fL8DwmiwNA1+I6Cs4LopxRoWEji0dB67sctBs=
github.com/pedroalbanese/crypto v0.0.0-20230125215802-8b7e99ecbad3/go.mod h1:5cDdJVhbinbOlgaYbV5VCTcU+3BxpeGfWAGwyjoAcbg=
github.com/pedroalbanese/cubehash v0.0.0 h1:y9AhRV9uJx6tnGeoWg2eC91TkTsjRqsdxSQOpbubSlE=
github.com/pedroalbanese/cubehash v0.0.0/go.mod h1:QqD7USkRZMUwdDsx0SR2EqgIpN8MZhtQuYMG8R9IqeI=
github.com/pedroalbanese/eax v0.0.0-20220826180322-27e4c16b7eac h1:KGunu14NUwvCZsKHlfKrc6SXYja4zVFTOS5bTVH5BmI=
github.com/pedroalbanese/eax v0.0.0-20220826180322-27e4c16b7eac/go.mod h1:0CjgupJmGspryEr9zLAn0FpbD9AHy6m1L97mDkDQZ/Y=
github.com/pedroalbanese/ecb v0.0.0-20220918174126-1a696b93ae2b h1:b+T06WpwxEPv4rTxVK64JxnEs0oLlJ0nifFdUDysVjw=
github.com/pedroalbanese/ecb v0.0.0-20220918174126-1a696b93ae2b/go.mod h1:g/+SLuBiyj6xkBXvOu8P1LODdpuuxKHT20mrPXoWIec=
github.com/pedroalbanese/go-chaskey v0.0.0-20230117155006-a9e41c18223c h1:Ji9KhJxym1GjLQ9eCRY9usH8wOXtJ/ZP+lIeA94YBQc=
github.com/pedroalbanese/go-chaskey v0.0.0-20230117155006-a9e41c18223c/go.mod h1:5F8Scq4sW8D+yL/o8yrNT6R5PeamiYpW9DAu3i7kE6c=
github.com/pedroalbanese/go-external-ip v0.0.0-20200601212049-c872357d968e h1:VUR1tH5e1MXJgiJNq+8kh8ztihi5/wrkuIEG4bmYpBU=
github.com/pedroalbanese/go-external-ip v0.0.0-20200601212049-c872357d968e/go.mod h1:SvmxrS/2giIWAuUE60MY8tf9mgI0gBLc1Q1W4juTans=
github.com/pedroalbanese/go-idea v0.0.0-20170306091226-d2fb45a411fb h1:DbXfqQlMrVOoCnlaUvadwU9wlmuEcTHD1AJjDzls5KI=
github.com/pedroalbanese/go-idea v0.0.0-20170306091226-d2fb45a411fb/go.mod h1:MCFBIvwimQFbM99CHdVwTKr7PhaYgQpsK8zRRECmACk=
github.com/pedroalbanese/go-kcipher2 v0.0.0-20170506094415-4fcf5aa27627 h1:UTBcC74OvxjaX6OjvhznvP8ZR3JOVOBr7bOMBp4ELgk=
github.com/pedroalbanese/go-kcipher2 v0.0.0-20170506094415-4fcf5aa27627/go.mod h1:K9++QOhv26m2sWb/B7RLfKxvL2Buc3UZVq4cL5WJ6lY=
github.com/pedroalbanese/go-krcrypt v0.0.0-20170928183100-a0c871728ae1 h1:u0NdzhCdSPnuRA2nKIg7CAW0F8Pl8dRooy/g0i+4tGw=
github.com/pedroalbanese/go-krcrypt v0.0.0-20170928183100-a0c871728ae1/go.mod h1:7LOlyYV2C5+0UD7eoPYN9fuGds6A3Y73tWihNKFQHO8=
github.com/pedroalbanese/go-misty1 v0.0.0-20150819220543-a3984aec4fae h1:PVfyVgFdoXAjRuwM4dqEUlIXNrY0gwKeyJ9z/9AbTZ0=
github.com/pedroalbanese/go-misty1 v0.0.0-20150819220543-a3984aec4fae/go.mod h1:nc3lEnA3uS8fyzDdV4TJ0LPv1gpFy/0pxiz6CFb1vbI=
github.com/pedroalbanese/go-rc5 v0.0.0-20181025211356-a14dd155920a h1:A44dEfQF9P/nft5Oi/lteB6Tk3krO+xe3r65D2FiMZc=
github.com/pedroalbanese/go-rc5 v0.0.0-20181025211356-a14dd155920a/go.mod h1:nVuhsla4svgWTrzUbeg75dMmFkaqmnTabTVE2OmK3bA=
github.com/pedroalbanese/go-ripemd v0.0.0-20200326052756-bd1759ad7d10 h1:iu0q912gVo1C2uZBdh875c/Ht1gstFAjMYjrgm9AL9Y=
github.com/pedroalbanese/go-ripemd v0.0.0-20200326052756-bd1759ad7d10/go.mod h1:njkESwAoSiroc25e1pcoqQVlecnhnW62Bf7VTQal2SY=
github.com/pedroalbanese/gogost v0.0.0-20220417104440-4d34dbc5957c h1:ZTaxii+Lx3DYndAJyT+j/33lFbcGi5KegVJ8fksd8QA=
github.com/pedroalbanese/gogost v0.0.0-20220417104440-4d34dbc5957c/go.mod h1:OE57eDVJnUjrOz821fgDD0maXt4RmTXjoXTaTv7f3wM=
github.com/pedroalbanese/gopass v0.0.0-20210920133722-c8aef6fb66ef h1:WS+9fDuTDnvWYKS7W/xyY3GiNRJvLMcYBUk4koW89/8=
github.com/pedroalbanese/gopass v0.0.0-20210920133722-c8aef6fb66ef/go.mod h1:o3gfYg4p7EKXxkukiCDR4akrR2HGKSdoQqCgUE8pga0=
github.com/pedroalbanese/groestl-1 v0.0.0-20230125170437-46d496027e3d h1:fWeBGfRwCRwwwwvYG3vdjwCk97yHBDsbKY2YiQ8AUjA=
github.com/pedroalbanese/groestl-1 v0.0.0-20230125170437-46d496027e3d/go.mod h1:DnN7TxrHs0W6np4fXq8hIMNskNsMrzWE2pE6cfCuoK8=
github.com/pedroalbanese/jh v0.0.0-20230125164747-5f04dcadc65e h1:WaSs85bSFfJsUM9AJaDgBaA/X359tSx2pHpw31QB/XQ=
github.com/pedroalbanese/jh v0.0.0-20230125164747-5f04dcadc65e/go.mod h1:lRQmOrzaIkLGMHlQjPwc6+tsnPn3bzYKZQ2I2wM9A4k=
github.com/pedroalbanese/kuznechik v0.0.0 h1:JiVREgKdbKnvof57hL1sCkatIy97JBymQwUUDrorSEo=
github.com/pedroalbanese/kuznechik v0.0.0/go.mod h1:mRbUXtz1RYBvxIjCRPSM4fw6/KPfBRVh3jiX3BMhHO8=
github.com/pedroalbanese/lwcrypto v1.0.0 h1:EPOWf88eP1qTAXsu6RMtvqUXy9txqBcQ2IfCmvc5Fn0=
github.com/pedroalbanese/lwcrypto v1.0.0/go.mod h1:LO7C74GlWmjlL7JR6/lY69xAp5Wn2UMPRsJvFOwdOBg=
github.com/pedroalbanese/ocb v0.0.0-20220826180104-94244d1d80b8 h1:oeZN0UlMgp+o+iwTTMgspqNKfFWEurrVX+cgJTYiOUE=
github.com/pedroalbanese/ocb v0.0.0-20220826180104-94244d1d80b8/go.mod h1:dlllB0nX79F4Pfwaf5HOgrZ97nQE6ISo4lK2DHPZOlw=
github.com/pedroalbanese/ocb3 v0.0.0-20230127113333-c403200ee5a8 h1:dfg/L4zQg5g0sYyR5SnXdqwDIfQUa2Gt0X4pA0tRAm8=
github.com/pedroalbanese/ocb3 v0.0.0-20230127113333-c403200ee5a8/go.mod h1:IWXK6lfpkAL1e5YtIku4d+6cZNlxu7+NpABckKwaVC0=
github.com/pedroalbanese/pmac v0.0.0-20220627194402-f0cad01ed05b h1:Jl9ihCm8ORBM81uL33VMSNwyiulb9Bp4cFhNJ2r/KII=
github.com/pedroalbanese/pmac v0.0.0-20220627194402-f0cad01ed05b/go.mod h1:gcomSeqoCX+TqezdqwWmawVM3fMYfkQzPQGvdD05oa0=
github.com/pedroalbanese/rabbitio v0.0.0-20230209212404-cffc97bafde8 h1:hX/DUv+poyEhCCShks90WRD9JiOw2Am73w4+ynIBO8g=
github.com/pedroalbanese/rabbitio v0.0.0-20230209212404-cffc97bafde8/go.mod h1:MmrAYZpoio8QcKfgalZGmVW+i2MJnnTqE99jDfBIgyE=
github.com/pedroalbanese/randomart v0.0.0-20130402080559-540116cac932 h1:lhyWm5kEilIJI800qc210GWsjJmln9o3vEr71nur//U=
github.com/pedroalbanese/randomart v0.0.0-20130402080559-540116cac932/go.mod h1:VkPk1ppMWhMMgMxu4kLy8vGEvxY3Q+hp/SN9za0GKxc=
github.com/pedroalbanese/rc2 v0.0.0-20131011165748-24b9757f5521 h1:ObGXSrJQ6vQQrCU+A0ywvQVtFv5g0RnMZIhMhQ8e7O0=
github.com/pedroalbanese/rc2 v0.0.0-20131011165748-24b9757f5521/go.mod h1:BOC4I1JujHVVw3USD93sIGqc7jJhuWuIM5ktBhoKuco=
github.com/pedroalbanese/siphash v1.0.1 h1:T+TonhTNw2HlCrsEBuaNb7lDOx4Kw6V4RpjDVRaNKHc=
github.com/pedroalbanese/siphash v1.0.1/go.mod h1:jrEGQdGbMiXT88+cH4rWlcyCMUTjPbL5nAA44uYurV8=
github.com/pedroalbanese/skein v0.0.0-20230124182825-ffe5e4ff3827 h1:G/kNAvy3w24SMiLmgYTSw0UnM5BQXhE/LMvReBMSUL0=
github.com/pedroalbanese/skein v0.0.0-20230124182825-ffe5e4ff3827/go.mod h1:J5wSYblFVORXYLHPm3JoIZfB8yd3VI7C2TIfLLddO/Y=
github.com/pedroalbanese/skein-1 v0.0.0-20171112102903-d7f1022db390 h1:OTTGLPoKatDyEYGK0xzhoTdCdNK51yXB9dTwKobeV44=
github.com/pedroalbanese/skein-1 v0.0.0-20171112102903-d7f1022db390/go.mod h1:xQQEatlQb9wuT6Wkhjheo7jz6ToP55zd8PB2pm+2mT0=
github.com/pedroalbanese/tiger v0.0.0-20220128183340-a7e964767a9d h1:L0+QApMpJpdoNfEa/jziiTLNz3a+huk0B2kmTKmOx20=
github.com/pedroalbanese/tiger v0.0.0-20220128183340-a7e964767a9d/go.mod h1:iPwiPHMetkupe2zwZyiBaTx0r4V3J5aVS/75uLCASfI=
github.com/pedroalbanese/whirlpool v0.0.0-20220911221330-8ad94dd14447 h1:ouut+zeswugb4asBoOejuy+hFWvXXnVPFnKJmDFtoko=
github.com/pedroalbanese/whirlpool v0.0.0-20220911221330-8ad94dd14447/go.mod h1:hmEg12nLjNeVJaroqA6z3wubkSxGRVohaAD4cNuysRg=
github.com/pedroalbanese/xoodoo v0.0.0-20230124190939-64aa038b97c6 h1:DCyHQIq9uE4RrPSobh7WCybTxSdXlNF/AwmKRkDE/AQ=
github.com/pedroalbanese/xoodoo v0.0.0-20230124190939-64aa038b97c6/go.mod h1:ziHgtQ/DwLq+fL0BC55to81BEzKBeVjyOeDIU8pOB8k=
github.com/pkg/errors v0.9.1 h1:FEBLx1zS214owpjy7qsBeixbURkuhQAwrK5UwLGTwt4=
github.com/pkg/errors v0.9.1/go.mod h1:bwawxfHBFNV+L2hUp1rHADufV3IMtnDRdf1r5NINEl0=
github.com/yuin/goldmark v1.4.0/go.mod h1:mwnBkeHKe2W/ZEtQ+71ViKU8L12m81fl3OWwC1Zlc8k=
github.com/yuin/goldmark v1.4.13/go.mod h1:6yULJ656Px+3vBD8DxQVa3kxgyrAnzto9xy5taEt/CY=
golang.org/x/arch v0.0.0-20210923205945-b76863e36670/go.mod h1:5om86z9Hs0C8fWVUuoMHwpExlXzs5Tkyp9hOrfG7pp8=
golang.org/x/crypto v0.0.0-20190308221718-c2843e01d9a2/go.mod h1:djNgcEr1/C05ACkg1iLfiJU5Ep61QUkGW8qpdssI0+w=
golang.org/x/crypto v0.0.0-20191011191535-87dc89f01550/go.mod h1:yigFU9vqHzYiE8UmvKecakEJjdnWj3jj499lnFckfCI=
golang.org/x/crypto v0.0.0-20210503195802-e9a32991a82e/go.mod h1:P+XmwS30IXTQdn5tA2iutPOUgjI07+tq3H3K9MVA1s8=
golang.org/x/crypto v0.0.0-20210921155107-089bfa567519/go.mod h1:GvvjBRRGRdwPK5ydBHafDWAxML/pGHZbMvKqRZ5+Abc=
golang.org/x/crypto v0.0.0-20220824171710-5757bc0c5503/go.mod h1:IxCIyHEi3zRg3s0A5j5BB6A9Jmi73HwBIUl50j+osU4=
golang.org/x/crypto v0.0.0-20220829220503-c86fa9a7ed90/go.mod h1:IxCIyHEi3zRg3s0A5j5BB6A9Jmi73HwBIUl50j+osU4=
golang.org/x/crypto v0.7.0 h1:AvwMYaRytfdeVt3u6mLaxYtErKYjxA2OXjJ1HHq6t3A=
golang.org/x/crypto v0.7.0/go.mod h1:pYwdfH91IfpZVANVyUOhSIPZaFoJGxTFbZhFTx+dXZU=
golang.org/x/mod v0.4.2/go.mod h1:s0Qsj1ACt9ePp/hMypM3fl4fZqREWJwdYDEqhRiZZUA=
golang.org/x/mod v0.6.0-dev.0.20220419223038-86c51ed26bb4/go.mod h1:jJ57K6gSWd91VN4djpZkiMVwK6gcyfeH4XE8wZrZaV4=
golang.org/x/mod v0.8.0/go.mod h1:iBbtSCu2XBx23ZKBPSOrRkjjQPZFPuis4dIYUhu/chs=
golang.org/x/net v0.0.0-20190404232315-eb5bcb51f2a3/go.mod h1:t9HGtf8HONx5eT2rtn7q6eTqICYqUVnKs3thJo3Qplg=
golang.org/x/net v0.0.0-20190620200207-3b0461eec859/go.mod h1:z5CRVTTTmAJ677TzLLGU+0bjPO0LkuOLi4/5GtJWs/s=
golang.org/x/net v0.0.0-20210226172049-e18ecbb05110/go.mod h1:m0MpNAwzfU5UDzcl9v0D8zg8gWTRqZa9RBIspLL5mdg=
golang.org/x/net v0.0.0-20210805182204-aaa1db679c0d/go.mod h1:9nx3DQGgdP8bBQD5qxJ1jj9UTztislL4KSBs9R2vV5Y=
golang.org/x/net v0.0.0-20211112202133-69e39bad7dc2/go.mod h1:9nx3DQGgdP8bBQD5qxJ1jj9UTztislL4KSBs9R2vV5Y=
golang.org/x/net v0.0.0-20220722155237-a158d28d115b/go.mod h1:XRhObCWvk6IyKnWLug+ECip1KBveYUHfp+8e9klMJ9c=
golang.org/x/net v0.0.0-20220826154423-83b083e8dc8b/go.mod h1:YDH+HFinaLZZlnHAfSS6ZXJJ9M9t4Dl22yv3iI2vPwk=
golang.org/x/net v0.0.0-20220909164309-bea034e7d591/go.mod h1:YDH+HFinaLZZlnHAfSS6ZXJJ9M9t4Dl22yv3iI2vPwk=
golang.org/x/net v0.6.0/go.mod h1:2Tu9+aMcznHK/AK1HMvgo6xiTLG5rD5rZLDS+rp2Bjs=
golang.org/x/net v0.8.0/go.mod h1:QVkue5JL9kW//ek3r6jTKnTFis1tRmNAW2P1shuFdJc=
golang.org/x/sync v0.0.0-20190423024810-112230192c58/go.mod h1:RxMgew5VJxzue5/jJTE5uejpjVlOe/izrB70Jof72aM=
golang.org/x/sync v0.0.0-20210220032951-036812b2e83c/go.mod h1:RxMgew5VJxzue5/jJTE5uejpjVlOe/izrB70Jof72aM=
golang.org/x/sync v0.0.0-20220722155255-886fb9371eb4/go.mod h1:RxMgew5VJxzue5/jJTE5uejpjVlOe/izrB70Jof72aM=
golang.org/x/sync v0.1.0/go.mod h1:RxMgew5VJxzue5/jJTE5uejpjVlOe/izrB70Jof72aM=
golang.org/x/sys v0.0.0-20190215142949-d0b11bdaac8a/go.mod h1:STP8DvDyc/dI5b8T5hshtkjS+E42TnysNCUPdjciGhY=
golang.org/x/sys v0.0.0-20190412213103-97732733099d/go.mod h1:h1NjWce9XRLGQEsW7wpKNCjG9DtNlClVuFLEZdDNbEs=
golang.org/x/sys v0.0.0-20201119102817-f84b799fce68/go.mod h1:h1NjWce9XRLGQEsW7wpKNCjG9DtNlClVuFLEZdDNbEs=
golang.org/x/sys v0.0.0-20210423082822-04245dca01da/go.mod h1:h1NjWce9XRLGQEsW7wpKNCjG9DtNlClVuFLEZdDNbEs=
golang.org/x/sys v0.0.0-20210615035016-665e8c7367d1/go.mod h1:oPkhp1MJrh7nUepCBck5+mAzfO9JrbApNNgaTdGDITg=
golang.org/x/sys v0.0.0-20210809222454-d867a43fc93e/go.mod h1:oPkhp1MJrh7nUepCBck5+mAzfO9JrbApNNgaTdGDITg=
golang.org/x/sys v0.0.0-20211030160813-b3129d9d1021/go.mod h1:oPkhp1MJrh7nUepCBck5+mAzfO9JrbApNNgaTdGDITg=
golang.org/x/sys v0.0.0-20220520151302-bc2c85ada10a/go.mod h1:oPkhp1MJrh7nUepCBck5+mAzfO9JrbApNNgaTdGDITg=
golang.org/x/sys v0.0.0-20220722155257-8c9f86f7a55f/go.mod h1:oPkhp1MJrh7nUepCBck5+mAzfO9JrbApNNgaTdGDITg=
golang.org/x/sys v0.0.0-20220728004956-3c1f35247d10/go.mod h1:oPkhp1MJrh7nUepCBck5+mAzfO9JrbApNNgaTdGDITg=
golang.org/x/sys v0.5.0/go.mod h1:oPkhp1MJrh7nUepCBck5+mAzfO9JrbApNNgaTdGDITg=
golang.org/x/sys v0.6.0 h1:MVltZSvRTcU2ljQOhs94SXPftV6DCNnZViHeQps87pQ=
golang.org/x/sys v0.6.0/go.mod h1:oPkhp1MJrh7nUepCBck5+mAzfO9JrbApNNgaTdGDITg=
golang.org/x/term v0.0.0-20201126162022-7de9c90e9dd1/go.mod h1:bj7SfCRtBDWHUb9snDiAeCFNEtKQo2Wmx5Cou7ajbmo=
golang.org/x/term v0.0.0-20210927222741-03fcf44c2211/go.mod h1:jbD1KX2456YbFQfuXm/mYQcufACuNUgVhRMnK/tPxf8=
golang.org/x/term v0.5.0/go.mod h1:jMB1sMXY+tzblOD4FWmEbocvup2/aLOaQEp7JmGp78k=
golang.org/x/term v0.6.0 h1:clScbb1cHjoCkyRbWwBEUZ5H/tIFu5TAXIqaZD0Gcjw=
golang.org/x/term v0.6.0/go.mod h1:m6U89DPEgQRMq3DNkDClhWw02AUbt2daBVO4cn4Hv9U=
golang.org/x/text v0.3.0/go.mod h1:NqM8EUOU14njkJ3fqMW+pc6Ldnwhi/IjpwHt7yyuwOQ=
golang.org/x/text v0.3.3/go.mod h1:5Zoc/QRtKVWzQhOtBMvqHzDpF6irO9z98xDceosuGiQ=
golang.org/x/text v0.3.6/go.mod h1:5Zoc/QRtKVWzQhOtBMvqHzDpF6irO9z98xDceosuGiQ=
golang.org/x/text v0.3.7/go.mod h1:u+2+/6zg+i71rQMx5EYifcz6MCKuco9NR6JIITiCfzQ=
golang.org/x/text v0.7.0/go.mod h1:mrYo+phRRbMaCq/xk9113O4dZlRixOauAjOtrjsXDZ8=
golang.org/x/text v0.8.0/go.mod h1:e1OnstbJyHTd6l/uOt8jFFHp6TRDWZR/bV3emEE/zU8=
golang.org/x/tools v0.0.0-20180917221912-90fa682c2a6e/go.mod h1:n7NCudcB/nEzxVGmLbDWY5pfWTLqBcC2KZ6jyYvM4mQ=
golang.org/x/tools v0.0.0-20191119224855-298f0cb1881e/go.mod h1:b+2E5dAYhXwXZwtnZ6UAqBI28+e2cm9otk0dWdXHAEo=
golang.org/x/tools v0.1.7/go.mod h1:LGqMHiF4EqQNHR1JncWGqT5BVaXmza+X+BDGol+dOxo=
golang.org/x/tools v0.1.12/go.mod h1:hNGJHUnrk76NpqgfD5Aqm5Crs+Hm0VOH/i9J2+nxYbc=
golang.org/x/tools v0.6.0/go.mod h1:Xwgl3UAJ/d3gWutnCtw505GrjyAbvKui8lOU390QaIU=
golang.org/x/xerrors v0.0.0-20190717185122-a985d3407aa7/go.mod h1:I/5z698sn9Ka8TeJc9MKroUUfqBBauWjQqLJ2OPfmY0=
golang.org/x/xerrors v0.0.0-20191011141410-1b5146add898/go.mod h1:I/5z698sn9Ka8TeJc9MKroUUfqBBauWjQqLJ2OPfmY0=
golang.org/x/xerrors v0.0.0-20200804184101-5ec99f83aff1/go.mod h1:I/5z698sn9Ka8TeJc9MKroUUfqBBauWjQqLJ2OPfmY0=
rsc.io/pdf v0.1.1/go.mod h1:n8OzWcQ6Sp37PL01nO98y4iUCRdTGarVfzxY20ICaU4=
