filippo.io/edwards25519 v1.0.0-rc.1/go.mod h1:N1IkdkCkiLB6tki+MYJoSx2JTY9NUlxZE7eHn5EwJns=
filippo.io/edwards25519 v1.1.0 h1:FNf4tywRC1HmFuKW5xopWpigGjJKiJSV0Cqo0cJWDaA=
filippo.io/edwards25519 v1.1.0/go.mod h1:BxyFTGdWcka3PhytdK4V28tE5sGfRvvvRV7EaN4VDT4=
git.sr.ht/~sircmpwn/getopt v0.0.0-20191230200459-23622cc906b3/go.mod h1:wMEGFFFNuPos7vHmWXfszqImLppbc0wEhh6JBfJIUgw=
git.sr.ht/~sircmpwn/go-bare v0.0.0-20210406120253-ab86bc2846d9 h1:Ahny8Ud1LjVMMAlt8utUFKhhxJtwBAualvsbc/Sk7cE=
git.sr.ht/~sircmpwn/go-bare v0.0.0-20210406120253-ab86bc2846d9/go.mod h1:BVJwbDfVjCjoFiKrhkei6NdGcZYpkDkdyCdg1ukytRA=
gitee.com/Trisia/gotlcp v1.3.17 h1:t51XKujH5kXmCXwj13FswtlTDTk1PX5mg6ttx978j8o=
gitee.com/Trisia/gotlcp v1.3.17/go.mod h1:qHAmzaW5L1B4YidGzCgGx8k8ai3+djcZ0kGrOmGVXpU=
github.com/RyuaNerin/elliptic2 v1.0.0 h1:xuqrsvIXvT35maN5uiQV56TPZ/RQ+UhDF+fRFToDeJg=
github.com/RyuaNerin/elliptic2 v1.0.0/go.mod h1:wWB8fWrJI/6EPJkyV/r1Rj0hxUgrusmqSj8JN6yNf/A=
github.com/RyuaNerin/go-krypto v1.3.0 h1:smavTzSMAx8iuVlGb4pEwl9MD2qicqMzuXR2QWp2/Pg=
github.com/RyuaNerin/go-krypto v1.3.0/go.mod h1:9R9TU936laAIqAmjcHo/LsaXYOZlymudOAxjaBf62UM=
github.com/RyuaNerin/testingutil v0.1.0 h1:IYT6JL57RV3U2ml3dLHZsVtPOP6yNK7WUVdzzlpNrss=
github.com/RyuaNerin/testingutil v0.1.0/go.mod h1:yTqj6Ta/ycHMPJHRyO12Mz3VrvTloWOsy23WOZH19AA=
github.com/bwesterb/go-ristretto v1.2.0/go.mod h1:fUIoIZaG73pV5biE2Blr2xEzDoMj7NFEuV9ekS419A0=
github.com/bwesterb/go-ristretto v1.2.3 h1:1w53tCkGhCQ5djbat3+MH0BAQ5Kfgbt56UZQ/JMzngw=
github.com/bwesterb/go-ristretto v1.2.3/go.mod h1:fUIoIZaG73pV5biE2Blr2xEzDoMj7NFEuV9ekS419A0=
github.com/cloudflare/circl v1.5.0 h1:hxIWksrX6XN5a1L2TI/h53AGPhNHoUBo+TD1ms9+pys=
github.com/cloudflare/circl v1.5.0/go.mod h1:uddAzsPgqdMAYatqJ0lsjX1oECcQLIlRpzZh3pJrofs=
github.com/codahale/makwa v0.0.0-20141227225204-3dbfaeed5fdb h1:8p7p0keqd2EGoESuU78k+Cxm4X/3awlzMl7nsPoDvnw=
github.com/codahale/makwa v0.0.0-20141227225204-3dbfaeed5fdb/go.mod h1:4B/sRpOorAPzUAhh6hjHBmsImbVGoM6+GnZDs1qmZ3k=
github.com/creack/pty v1.1.9/go.mod h1:oKZEueFk5CKHvIhNR5MUki03XCEU+Q6VDXinZuGJ33E=
github.com/davecgh/go-spew v1.1.0/go.mod h1:J7Y8YcW2NihsgmVo/mv3lAwl/skON4iLHjSsI+c5H38=
github.com/davecgh/go-spew v1.1.1 h1:vj9j/u1bqnvCEfJOwUhtlOARqs3+rkHYY13jYWTU97c=
github.com/davecgh/go-spew v1.1.1/go.mod h1:J7Y8YcW2NihsgmVo/mv3lAwl/skON4iLHjSsI+c5H38=
github.com/deatil/go-cryptobin v1.0.4018 h1:nEnp6OctddN68zbWmq6faJ082JDzxwfemxzrffGEegY=
github.com/deatil/go-cryptobin v1.0.4018/go.mod h1:N039cMpRk2+cxODj6Y1TfEPw2Q/AZoItzU2LT7VRbbg=
github.com/emmansun/certinfo v0.1.0 h1:f3xgzFHjGkeEKUysCuofc8UOyYqRNP9LIWZa5o1Dz1U=
github.com/emmansun/certinfo v0.1.0/go.mod h1:nS7ylLEXORr7PEZRhAl/qbxI3YKHuc2ZRKKpK2BV72Q=
github.com/emmansun/gmsm v0.24.2 h1:FVgQP3XMnYa3dzzui8EPteFh8In7McUC8UqZXAR2l+U=
github.com/emmansun/gmsm v0.24.2/go.mod h1:tKoGqGHkNwJM8wI1BGURqzRx3dsQF7rr2hp8rhrPOb4=
github.com/emmansun/go-pkcs12 v0.3.0 h1:Z6aEkN2cOFIBptkWaItZiBkpFTwAdMIVQ+rTska3eT4=
github.com/emmansun/go-pkcs12 v0.3.0/go.mod h1:YzC1HYqbo4fKiK4REz/2roIIAQ7iL1ZrdCZJ3XBjD94=
github.com/google/go-cmp v0.6.0/go.mod h1:17dUlkBOakJ0+DkrSSNjCkIjxS6bF9zb3elmeNGIjoY=
github.com/kasperdi/SPHINCSPLUS-golang v0.0.0-20231223193046-84468b93f7e9 h1:G8fshCtNb60L5IM2tuYD81uh6YQFqJ78MAGUCMks7Bg=
github.com/kasperdi/SPHINCSPLUS-golang v0.0.0-20231223193046-84468b93f7e9/go.mod h1:XWeSWo+UqzMi1uh/Td/gKlVHaPQjUj92s3omn7eccUM=
github.com/klauspost/cpuid/v2 v2.0.12 h1:p9dKCg8i4gmOxtv35DvrYoWqYzQrvEVdjQ762Y0OqZE=
github.com/klauspost/cpuid/v2 v2.0.12/go.mod h1:g2LTdtYhdyuGPqyWyv7qRAmj1WBqxuObKfj5c0PQa7c=
github.com/kr/pretty v0.2.1/go.mod h1:ipq/a2n7PKx3OHsz4KJII5eveXtPO4qwEXGdVfWzfnI=
github.com/kr/pty v1.1.1/go.mod h1:pFQYn66WHrOpPYNljwOMqo10TkYh1fy3cYio2l3bCsQ=
github.com/kr/text v0.1.0/go.mod h1:4Jbv+DJW3UT/LiOwJeYQe1efqtUx/iVham/4vfdArNI=
github.com/kr/text v0.2.0/go.mod h1:eLer722TekiGuMkidMxC/pM04lWEeraHUUmBw8l2grE=
github.com/nixberg/chacha-rng-go v0.1.0 h1:2Y90hS8H/O+82yLWKD4MldkJM7Pzhezc7rT6EILvDNo=
github.com/nixberg/chacha-rng-go v0.1.0/go.mod h1:iPf1i6Vcwgoue86dblORobEXNCd1PFQiysFiImawfCM=
github.com/pedroalbanese/IGE-go v0.0.0-20140730194654-752bc7fd80fb h1:2GTkI6b/GaOzjZSB161w491QrxsHWpxV1FNr7ds+7Jc=
github.com/pedroalbanese/IGE-go v0.0.0-20140730194654-752bc7fd80fb/go.mod h1:EnRxQQGUSvWsqNFSAtGSuyjJKl91Csy57sQ1atRV01k=
github.com/pedroalbanese/anubis v0.0.1 h1:FRHSMyRuqoGqWnFj0ZOJ3cQmPZ5elkxRecHptbILX3w=
github.com/pedroalbanese/anubis v0.0.1/go.mod h1:MMJog7ga594ydzm17Qzj8wIynFJmrp/gFzZIjdX/2fQ=
github.com/pedroalbanese/bash v0.0.0-20240917213542-359ea9ed86ee h1:fEtvbAuD3pS89760fakRF1TMILzzUNP3hwXP1iRvWOM=
github.com/pedroalbanese/bash v0.0.0-20240917213542-359ea9ed86ee/go.mod h1:NLb79U8xurLknGY14SmHMc6T5Zm+FrKXxQQP/ljmbno=
github.com/pedroalbanese/belt v0.0.0-20240917222837-2f97e6235d6c h1:pYWtGpNSk0Dm0TuLaAoyW9BWr01jA/vBETn1ktUnjQQ=
github.com/pedroalbanese/belt v0.0.0-20240917222837-2f97e6235d6c/go.mod h1:ujpAT/1mRF+xuzRCE3e6vqaNORb5bUsooxfOb74G66c=
github.com/pedroalbanese/bign v0.0.0-20240918155826-90ccb6b122b9 h1:ZgsVqQ9slkgsbOUZ81wHkb0+WGJu1bcVIEQS62HX7GM=
github.com/pedroalbanese/bign v0.0.0-20240918155826-90ccb6b122b9/go.mod h1:UJPuisyOGkYoVfs8ta0O7kMngLwkntg2En55cISTTsA=
github.com/pedroalbanese/bip0340 v0.0.0-20250217221623-a2ebb9c4d21d h1:f72r1pvurVwT59jiMlwAJHG1qkSbiT9xLhe6GxRr/Ak=
github.com/pedroalbanese/bip0340 v0.0.0-20250217221623-a2ebb9c4d21d/go.mod h1:E96V3xC9SIYZtG5bBe26XNrD/Qr0ltit22OQt4qCfis=
github.com/pedroalbanese/bip0340 v0.0.0-20250309175356-f4246d336869 h1:s8etgogfhrjDbqE1Ts/hrh2UFdoZ0EGq/4kCdkz9O0U=
github.com/pedroalbanese/bip0340 v0.0.0-20250309175356-f4246d336869/go.mod h1:E96V3xC9SIYZtG5bBe26XNrD/Qr0ltit22OQt4qCfis=
github.com/pedroalbanese/blake256 v0.0.0-20170713140427-6aca07c5447e h1:fQBIZ8P27Y4TAXoY3Y/+TDZhGJLDoRTyh1ctP/XgHZI=
github.com/pedroalbanese/blake256 v0.0.0-20170713140427-6aca07c5447e/go.mod h1:5gQQeeXADClOkGWSusDk866hYd5wRPDwhMTFnD/dzG4=
github.com/pedroalbanese/bmw v0.0.0-20240608175405-99257887a774 h1:vULfXcjdqnehx2oeCXv26rKhUWhGwiBCNzYhYt0J9W0=
github.com/pedroalbanese/bmw v0.0.0-20240608175405-99257887a774/go.mod h1:Rw6vKDOkrW6pl9uoO8ggkouF5UyP5DEBZrq+ee6L0V8=
github.com/pedroalbanese/bmw256 v0.0.0-20240403151626-135f0d278f9f h1:YZBM8ykr/8ZfXTwjs9HoUwvLBuraOQWnCjtzKRnHpkE=
github.com/pedroalbanese/bmw256 v0.0.0-20240403151626-135f0d278f9f/go.mod h1:Rc/1QLBTMe/hEi5B3whj43ET/GJeOZQSq+1Z6AOEPNA=
github.com/pedroalbanese/bn256 v0.0.0-20241211180157-f48a503b4cc5 h1:LVOPzn3PduvLJAjXXUwrzIgD9VhAQ+NGNFIoW3rAcMA=
github.com/pedroalbanese/bn256 v0.0.0-20241211180157-f48a503b4cc5/go.mod h1:Em2M+vuPGTmX2DDgxCWWokMC3cbzz3K8SO4bhZ4VbMs=
github.com/pedroalbanese/brainpool v0.0.0-20220826183126-be5c94625a31 h1:/bvB70wSZaqS4L6TPKvKWCfw2WvFRhPzDGChLqnWsXM=
github.com/pedroalbanese/brainpool v0.0.0-20220826183126-be5c94625a31/go.mod h1:mVfIsJq9zs0tLKHNxL3rzd7+jFP0B9/060JBx8PdMnM=
github.com/pedroalbanese/camellia v0.0.0-20220911183557-30cc05c20118 h1:GJQwwzoQDXGcYO35ViGcG/A994BGB35/7dNoVW4Je8s=
github.com/pedroalbanese/camellia v0.0.0-20220911183557-30cc05c20118/go.mod h1:V3wL7j9ikGCLRV2DMTQZnUqZQnGcQGEqpvTLE0ZcGY8=
github.com/pedroalbanese/cast256 v0.0.0-20240325185652-e35cf700d5fe h1:1UuaurNAznpY2aqRKE90HzZ2crOVzCXsBUogXTO8D4s=
github.com/pedroalbanese/cast256 v0.0.0-20240325185652-e35cf700d5fe/go.mod h1:YtTQJCJmrmPEW8OTlxD3zLFHzwJzw8XeVfO7LvgVwdE=
github.com/pedroalbanese/cast5 v0.0.0-20220924202825-3e5c3c00277c h1:fKLoo18L3mIH1rIKyTqUmmDT8a0xRYN932G7fqVeZ1k=
github.com/pedroalbanese/cast5 v0.0.0-20220924202825-3e5c3c00277c/go.mod h1:ta7SFMOyQjU4OMM+J+npSOLu6VT4J4ZiQ/a7Chfw8is=
github.com/pedroalbanese/ccm v0.0.0-20230716211039-49b744fc07d4 h1:tCd+bQzK/S5XLD9BCugZiaPG0wgqYKKkDXdu9hAVty8=
github.com/pedroalbanese/ccm v0.0.0-20230716211039-49b744fc07d4/go.mod h1:btc5wbjPbKknQqm4PX7KXV4Z2LDM8ykDUwLNO+MNPRc=
github.com/pedroalbanese/cfb1 v0.0.1 h1:qwDH1SeUwfu/5J80rS9mtwynJBhxMBIOJ6z/0Zkr4/0=
github.com/pedroalbanese/cfb1 v0.0.1/go.mod h1:uk0dfHN9DnVbA8n5orzVtOaUHyHiaWeJkbHgCaUqUso=
github.com/pedroalbanese/cfb8 v0.0.0 h1:+jfeldix8MoUNIGRqE2aGS05kjOYWsBjphu/OdiZ0bU=
github.com/pedroalbanese/cfb8 v0.0.0/go.mod h1:RQTDlvBNZIE7xaQuoiYIXYTxBR//B+HhEZpidQHFivY=
github.com/pedroalbanese/cmac v0.0.0-20210429130952-a58975ec8f4c h1:mX7NRMOVOwh5IVth4a/wsF5ZSO8uAZ6/NNepa07u9jg=
github.com/pedroalbanese/cmac v0.0.0-20210429130952-a58975ec8f4c/go.mod h1:5AAl1CY49A0PRTLlbGIOkmWLRyDY3c9WfBjdOWDGWww=
github.com/pedroalbanese/crypto v0.0.0-20230125215802-8b7e99ecbad3 h1:4NrgC9fL8DwmiwNA1+I6Cs4LopxRoWEji0dB67sctBs=
github.com/pedroalbanese/crypto v0.0.0-20230125215802-8b7e99ecbad3/go.mod h1:5cDdJVhbinbOlgaYbV5VCTcU+3BxpeGfWAGwyjoAcbg=
github.com/pedroalbanese/crypton v0.0.0-20240325185448-da9f3c02e89e h1:OeHXNwyvz+hYHeHOAmU8T7XBMXGLhSCKOYC+ZldtqT8=
github.com/pedroalbanese/crypton v0.0.0-20240325185448-da9f3c02e89e/go.mod h1:/yQQxddGTbb/ym/4TtEUT1cIu+qq/6mUIvNoY3QuQ8o=
github.com/pedroalbanese/crystals-go v0.0.0-20240315230756-81011b679705 h1:4CLNJaE5LWdprM1sJ+8cCAU8NX83qA7jtJWSTtrcX4Y=
github.com/pedroalbanese/crystals-go v0.0.0-20240315230756-81011b679705/go.mod h1:eQaDBF+TSsUrQDIzKrhRPR0tiS2wYsAiWzIP9W0GIRs=
github.com/pedroalbanese/cubehash v0.0.0 h1:y9AhRV9uJx6tnGeoWg2eC91TkTsjRqsdxSQOpbubSlE=
github.com/pedroalbanese/cubehash v0.0.0/go.mod h1:QqD7USkRZMUwdDsx0SR2EqgIpN8MZhtQuYMG8R9IqeI=
github.com/pedroalbanese/cubehash256 v0.0.0-20240403151932-00980243a56a h1:asiodxOIQwslajkbCNdp9YXNgnu/gs8JrtSZqVfhF9w=
github.com/pedroalbanese/cubehash256 v0.0.0-20240403151932-00980243a56a/go.mod h1:Z2BgPpFmhJNjGbN+Mn+w958d5AmribgkmBjUx8E1p1g=
github.com/pedroalbanese/curupira1 v0.0.0-gama h1:PHGQGjgVn2ftBEJ07Az2a59X4a2hV+zgdvnXKXisdcE=
github.com/pedroalbanese/curupira1 v0.0.0-gama/go.mod h1:gVwAY6kuZ75rbc23q1p9JEhJCW3ChiE/R58OMXFOCrw=
github.com/pedroalbanese/curve448 v0.0.0-20240514173232-895b1c6c93a1 h1:BuZSs4ADd9EQniS4TgiTvKbGODpVauR08A4Dl2PHsV8=
github.com/pedroalbanese/curve448 v0.0.0-20240514173232-895b1c6c93a1/go.mod h1:MjPWywlG0DzX9aN6H+axPhx/sVbkRrL1zPdUx+WM3K0=
github.com/pedroalbanese/e2 v0.0.0-20240325185507-eef2e0916dc5 h1:FnMVMHfgzLncnoEynabLtFjcs/qyjWIk/Tfv73i71Wo=
github.com/pedroalbanese/e2 v0.0.0-20240325185507-eef2e0916dc5/go.mod h1:Tr9cxhKAXoMqBPy3IJfkyKNNDpj7sBW1eShP7B5KsrQ=
github.com/pedroalbanese/eax v0.0.0-20240629182935-b915af1b69bb h1:p34KMk32ZwGYzkwEHOl6wysS3ZujV5Pz0iE4QrWRoS0=
github.com/pedroalbanese/eax v0.0.0-20240629182935-b915af1b69bb/go.mod h1:0CjgupJmGspryEr9zLAn0FpbD9AHy6m1L97mDkDQZ/Y=
github.com/pedroalbanese/ecb v0.0.0-20220918174126-1a696b93ae2b h1:b+T06WpwxEPv4rTxVK64JxnEs0oLlJ0nifFdUDysVjw=
github.com/pedroalbanese/ecb v0.0.0-20220918174126-1a696b93ae2b/go.mod h1:g/+SLuBiyj6xkBXvOu8P1LODdpuuxKHT20mrPXoWIec=
github.com/pedroalbanese/ecgdsa v0.0.0-20250217221655-2718164f4fe1 h1:TzQkJuwQnehbHxMMapuUmh6ePpwUWTu9O3NtpOr2qT8=
github.com/pedroalbanese/ecgdsa v0.0.0-20250217221655-2718164f4fe1/go.mod h1:oOoAwgkrjZQg23DBcxZ8Xdmsp7cQmXT6vxZ6m+btDiI=
github.com/pedroalbanese/ecgdsa v0.0.0-20250309170925-d9a73c7fb1d7 h1:gCeWII4S+7m5NNfJxB5//jJ2NyvyfHZWJKdIRj1fBBU=
github.com/pedroalbanese/ecgdsa v0.0.0-20250309170925-d9a73c7fb1d7/go.mod h1:oOoAwgkrjZQg23DBcxZ8Xdmsp7cQmXT6vxZ6m+btDiI=
github.com/pedroalbanese/ecgdsa v0.0.0-20250309172633-1e9ac31fec97 h1:ygVariisNu4LeGk6ZdrUoEcZUY35wqS3tmOBPBEzz0M=
github.com/pedroalbanese/ecgdsa v0.0.0-20250309172633-1e9ac31fec97/go.mod h1:oOoAwgkrjZQg23DBcxZ8Xdmsp7cQmXT6vxZ6m+btDiI=
github.com/pedroalbanese/echo v0.0.0-20240329160327-5e65f19de84b h1:Vu+SqFOWpvOTUapuxOAX1e0lU0FPQDSc37HrPYGd3cc=
github.com/pedroalbanese/echo v0.0.0-20240329160327-5e65f19de84b/go.mod h1:U6NRfMc+286M97zvSQeCdj4M0neYRMvG8F1vTBeBzl8=
github.com/pedroalbanese/ecka-eg v0.0.3003 h1:0Od5yyl4szm2+ZfzkRPYSgkbqconL5c+SgyBLwHR6rw=
github.com/pedroalbanese/ecka-eg v0.0.3003/go.mod h1:48c7YL+zYMwCvb3LYXddtSX0WluKCgAJohv/Vbf97xg=
github.com/pedroalbanese/ecsdsa v0.0.0-20250217221122-e3fd83b3ce24 h1:XsWMKQ1HEeFO++kedB8CVWRwK63a3zN2YJcVjr/vYKY=
github.com/pedroalbanese/ecsdsa v0.0.0-20250217221122-e3fd83b3ce24/go.mod h1:CpY75GPFxZm2YlF1m6JHL6Dj/ayE7HvEf8L3dvevlS4=
github.com/pedroalbanese/ecsdsa v0.0.0-20250309175503-d735dfab325a h1:Sv9USdCBsEpNH5vtCtrFq4iIWorctwEhcHRhv7b1uqo=
github.com/pedroalbanese/ecsdsa v0.0.0-20250309175503-d735dfab325a/go.mod h1:CpY75GPFxZm2YlF1m6JHL6Dj/ayE7HvEf8L3dvevlS4=
github.com/pedroalbanese/esch v0.0.0-20240403151441-bc287e464d49 h1:BsvB9nLKqo0Qda65ifrLUi7kCFvDYOhZLPMFLuc74/8=
github.com/pedroalbanese/esch v0.0.0-20240403151441-bc287e464d49/go.mod h1:9hCtNsTTKNYGLz1UEkcHjgjNaEDSm8TPV2raKU5n39U=
github.com/pedroalbanese/frp256v1 v0.0.3 h1:z1SFNSEnwFPpzLcWi3uDEBW4L5FuV5ZBy4TUtnEJhiQ=
github.com/pedroalbanese/frp256v1 v0.0.3/go.mod h1:SR4Hs4jO6qwp6ETOZfL5C1msUCU//1vkM+482MiBTRU=
github.com/pedroalbanese/fugue v0.0.0-20240518170253-4e3af93fc75a h1:EYdKheliAveGcxZ90vZG7UO8iTU+aD0CJhuKA1gIN9s=
github.com/pedroalbanese/fugue v0.0.0-20240518170253-4e3af93fc75a/go.mod h1:DpPiVXahBQyOpZv7OOS8sdr8QVevW54TgYZ91T1do94=
github.com/pedroalbanese/gmac v0.0.0-20231030174635-9eb35b8b4542 h1:0tnk5HZQn7Fh/+9eapnUoRug1oYGEmnxnSMN18CfF/k=
github.com/pedroalbanese/gmac v0.0.0-20231030174635-9eb35b8b4542/go.mod h1:BZB52OIvxtWiPNuWf4nYIDU+2zFAisdwdWNtYOn1Xqc=
github.com/pedroalbanese/go-ascon v0.0.0-20240325185942-de83d7994a95 h1:neZv2pO//gMHXQ+22JpQMXpgRQRk25D/Upnt8tIY3yk=
github.com/pedroalbanese/go-ascon v0.0.0-20240325185942-de83d7994a95/go.mod h1:EjAmbU3fA9mdAT8BGnLVNTR5rUYEpIG/VK056gJqv6E=
github.com/pedroalbanese/go-chaskey v0.0.0-20230117155006-a9e41c18223c h1:Ji9KhJxym1GjLQ9eCRY9usH8wOXtJ/ZP+lIeA94YBQc=
github.com/pedroalbanese/go-chaskey v0.0.0-20230117155006-a9e41c18223c/go.mod h1:5F8Scq4sW8D+yL/o8yrNT6R5PeamiYpW9DAu3i7kE6c=
github.com/pedroalbanese/go-external-ip v0.0.0-20200601212049-c872357d968e h1:VUR1tH5e1MXJgiJNq+8kh8ztihi5/wrkuIEG4bmYpBU=
github.com/pedroalbanese/go-external-ip v0.0.0-20200601212049-c872357d968e/go.mod h1:SvmxrS/2giIWAuUE60MY8tf9mgI0gBLc1Q1W4juTans=
github.com/pedroalbanese/go-grain v0.0.0-20240325185755-73b4f13ea6bc h1:0i9CwHS0m0ryTTv7LYOsg17ylUHy208mD+ibBo+RCFc=
github.com/pedroalbanese/go-grain v0.0.0-20240325185755-73b4f13ea6bc/go.mod h1:+ogFra2K6u0dQalD5NLSqArrqUgcayJYehhivn2+Pso=
github.com/pedroalbanese/go-idea v0.0.0-20170306091226-d2fb45a411fb h1:DbXfqQlMrVOoCnlaUvadwU9wlmuEcTHD1AJjDzls5KI=
github.com/pedroalbanese/go-idea v0.0.0-20170306091226-d2fb45a411fb/go.mod h1:MCFBIvwimQFbM99CHdVwTKr7PhaYgQpsK8zRRECmACk=
github.com/pedroalbanese/go-kcipher2 v0.0.0-20170506094415-4fcf5aa27627 h1:UTBcC74OvxjaX6OjvhznvP8ZR3JOVOBr7bOMBp4ELgk=
github.com/pedroalbanese/go-kcipher2 v0.0.0-20170506094415-4fcf5aa27627/go.mod h1:K9++QOhv26m2sWb/B7RLfKxvL2Buc3UZVq4cL5WJ6lY=
github.com/pedroalbanese/go-krcrypt v0.0.0-20170928183100-a0c871728ae1 h1:u0NdzhCdSPnuRA2nKIg7CAW0F8Pl8dRooy/g0i+4tGw=
github.com/pedroalbanese/go-krcrypt v0.0.0-20170928183100-a0c871728ae1/go.mod h1:7LOlyYV2C5+0UD7eoPYN9fuGds6A3Y73tWihNKFQHO8=
github.com/pedroalbanese/go-misty1 v0.0.0-20150819220543-a3984aec4fae h1:PVfyVgFdoXAjRuwM4dqEUlIXNrY0gwKeyJ9z/9AbTZ0=
github.com/pedroalbanese/go-misty1 v0.0.0-20150819220543-a3984aec4fae/go.mod h1:nc3lEnA3uS8fyzDdV4TJ0LPv1gpFy/0pxiz6CFb1vbI=
github.com/pedroalbanese/go-nums v0.0.0-20250217142054-d8f977c4e11d h1:92vFXCQuSDv3JR4aeZMWmMtiXP2DZ+TboQDeScoF7j8=
github.com/pedroalbanese/go-nums v0.0.0-20250217142054-d8f977c4e11d/go.mod h1:+GKpx+TkdZebYybxqYtMZSyZPp5w3SHaZJCzAuc3g74=
github.com/pedroalbanese/go-rc5 v0.0.0-20181025211356-a14dd155920a h1:A44dEfQF9P/nft5Oi/lteB6Tk3krO+xe3r65D2FiMZc=
github.com/pedroalbanese/go-rc5 v0.0.0-20181025211356-a14dd155920a/go.mod h1:nVuhsla4svgWTrzUbeg75dMmFkaqmnTabTVE2OmK3bA=
github.com/pedroalbanese/go-ripemd v0.0.0-20200326052756-bd1759ad7d10 h1:iu0q912gVo1C2uZBdh875c/Ht1gstFAjMYjrgm9AL9Y=
github.com/pedroalbanese/go-ripemd v0.0.0-20200326052756-bd1759ad7d10/go.mod h1:njkESwAoSiroc25e1pcoqQVlecnhnW62Bf7VTQal2SY=
github.com/pedroalbanese/gogost v0.0.0-20240430171730-f95129c7a5af h1:8jbTN9e84FOzAJtCPdy/NEz8983YdD7nqTBMQlTRP4w=
github.com/pedroalbanese/gogost v0.0.0-20240430171730-f95129c7a5af/go.mod h1:A4x4C7B6z2POO1x5CZzKXZVCOFPfjzxxVUbWl2Thhp0=
github.com/pedroalbanese/golang-rc6 v0.0.0-20240204183933-f7014051ac04 h1:q9GTq1BJe0tl+zH/8/2wxCz7upf4LlHxit1Rd5w8svU=
github.com/pedroalbanese/golang-rc6 v0.0.0-20240204183933-f7014051ac04/go.mod h1:dM7Tk4qnsWH8/wcC2j33Krm02foYUCX3vn95jAPMr4E=
github.com/pedroalbanese/gopass v0.0.0-20210920133722-c8aef6fb66ef h1:WS+9fDuTDnvWYKS7W/xyY3GiNRJvLMcYBUk4koW89/8=
github.com/pedroalbanese/gopass v0.0.0-20210920133722-c8aef6fb66ef/go.mod h1:o3gfYg4p7EKXxkukiCDR4akrR2HGKSdoQqCgUE8pga0=
github.com/pedroalbanese/groestl v1.0.1 h1:Bpm/ppHc4ttlVwlv7urAYp5p++4AJLYSyNlbsrWVH4s=
github.com/pedroalbanese/groestl v1.0.1/go.mod h1:nYspmiUzgmuD8WKz0y6LJGPSvaRog/kieJ4ntdz69ak=
github.com/pedroalbanese/groestl-1 v0.0.0-20230125170437-46d496027e3d h1:fWeBGfRwCRwwwwvYG3vdjwCk97yHBDsbKY2YiQ8AUjA=
github.com/pedroalbanese/groestl-1 v0.0.0-20230125170437-46d496027e3d/go.mod h1:DnN7TxrHs0W6np4fXq8hIMNskNsMrzWE2pE6cfCuoK8=
github.com/pedroalbanese/hamsi v0.0.0-20240518170147-c7c58b0f2a86 h1:ehH1xPL2bfy18rF8YoaPKMZpuozc8MMXcxeriUb9Oac=
github.com/pedroalbanese/hamsi v0.0.0-20240518170147-c7c58b0f2a86/go.mod h1:/hgbJETGKOev52fhFzCUcxR8o13oSPcQgCk0p40Bkto=
github.com/pedroalbanese/haraka v0.0.0-20180824194238-3cf1081eecd7 h1:ZlrjMhDWGMNArNgUHyoBB8i3lSAEAu2QlMaP97Go73U=
github.com/pedroalbanese/haraka v0.0.0-20180824194238-3cf1081eecd7/go.mod h1:cCbAP1i+ZYSWsGVvukP8j1dujpeYSmqWBLgjO7aMUi4=
github.com/pedroalbanese/jh v0.0.0-20240624180005-e6705e517191 h1:FBt+nyfKF8Mk0WAIhPTtUUI695Z1+DaS19axxDVKwwM=
github.com/pedroalbanese/jh v0.0.0-20240624180005-e6705e517191/go.mod h1:lRQmOrzaIkLGMHlQjPwc6+tsnPn3bzYKZQ2I2wM9A4k=
github.com/pedroalbanese/kalyna v0.0.0-20240325185136-5fa784896340 h1:cRHxGJXJf1qVDHgvfTzqdsc3WxdOkIEIBjnm8ZkOwwo=
github.com/pedroalbanese/kalyna v0.0.0-20240325185136-5fa784896340/go.mod h1:D5fTMnrNb4sgSn6khyjDIMa1tw+FxC2l68nvlMRpoyY=
github.com/pedroalbanese/khazad v0.0.0-20240325185634-12dbcf5e3eaa h1:cZdc/KtPwhHgYsMU+hRdcZcW9GBieYwR9ps3PmDifkY=
github.com/pedroalbanese/khazad v0.0.0-20240325185634-12dbcf5e3eaa/go.mod h1:DBvaJ2IyCyFyXiXOvO5Alu+Gqz9qwztaHE83ncrbpw0=
github.com/pedroalbanese/kupyna v0.0.0-20240326161126-ebb2f9665eeb h1:1Rr4D6zpGzszMOAzSB4ZEiB7nrCVjDGDwS+lmZegPbQ=
github.com/pedroalbanese/kupyna v0.0.0-20240326161126-ebb2f9665eeb/go.mod h1:10vp0zcBnFeyTRQqw/3k5YnvZXTQkuJC/n/FzGPsK5w=
github.com/pedroalbanese/kuznechik v0.0.0 h1:JiVREgKdbKnvof57hL1sCkatIy97JBymQwUUDrorSEo=
github.com/pedroalbanese/kuznechik v0.0.0/go.mod h1:mRbUXtz1RYBvxIjCRPSM4fw6/KPfBRVh3jiX3BMhHO8=
github.com/pedroalbanese/loki97 v0.0.0-20240325185530-a0580bcacc04 h1:n8deRIWCc5W4OOvmtgkrA45nzJ0YFkQhJX3isZTdv68=
github.com/pedroalbanese/loki97 v0.0.0-20240325185530-a0580bcacc04/go.mod h1:IyAG96OpzT6cPTt2MaoOHfDaKC8dqrVJQEE6AK7Vu90=
github.com/pedroalbanese/luffa v0.0.0-20240518171333-cf7dac6a64ae h1:TfoKdzyc0HimH3iMGEp7bS+XfJfYT2qxX1KyJkKIaKc=
github.com/pedroalbanese/luffa v0.0.0-20240518171333-cf7dac6a64ae/go.mod h1:9bd3I8VuODfmo7r2Qhn7r80eTKw1T2xADn+/1UVwwAM=
github.com/pedroalbanese/lyra2re v0.0.0-20240520232624-5764a75dde63 h1:+XEkoqqSwTSlFnXSCBQ24mDIeCJV7yt4x+Der5a4PHs=
github.com/pedroalbanese/lyra2re v0.0.0-20240520232624-5764a75dde63/go.mod h1:bEuOFddm39XiU3VS0N/TBoh2xf87TTpfTyFdF2bsyqk=
github.com/pedroalbanese/lyra2rev2 v0.0.0-20240608181906-fe968f886565 h1:KQMsPhBYq2xc6c7vt66FZKyhLn+kMDdb0RUOinCZPLE=
github.com/pedroalbanese/lyra2rev2 v0.0.0-20240608181906-fe968f886565/go.mod h1:WzQCkJ6PKTEVXLB2crTSC5vlTzT8oWiokrv2ktSScGI=
github.com/pedroalbanese/magenta v0.0.0-20241208214047-a79e5e9ef277 h1:aFEpvTY/438+a6hvI1yk3l+VamidGgKJ6BUENwbsM9Y=
github.com/pedroalbanese/magenta v0.0.0-20241208214047-a79e5e9ef277/go.mod h1:ebf40cDfhkGdDrbzvYGLjAND6H4Z53TfVeRxSENbWrg=
github.com/pedroalbanese/makwa-go v0.0.0-20240816162209-f803984910a2 h1:AyAUVVlkouW2SuTEb41FYda0fedppRFIzrH82s/o9n8=
github.com/pedroalbanese/makwa-go v0.0.0-20240816162209-f803984910a2/go.mod h1:MkIf6Ek6B/wwQX73mATiQsUUcLew60Nt8cRKCDdhi1M=
github.com/pedroalbanese/mars v0.0.0-20240325185557-fe8b863ed824 h1:6FsfSBNeRnNuLIV4/cswytVkOaPa6Pq7ND+hf6yMNnM=
github.com/pedroalbanese/mars v0.0.0-20240325185557-fe8b863ed824/go.mod h1:HFit7W/qku47mv/XXJPDb3gW+/JNc9/CJucToyf51FQ=
github.com/pedroalbanese/md6 v0.0.0-20240815222317-052c055905a4 h1:T10NNFGRLmLuOKm+d0Xrb4mZWxjHRCLLXqUrB8bdT5A=
github.com/pedroalbanese/md6 v0.0.0-20240815222317-052c055905a4/go.mod h1:SnCwEQNkRaJCqW/jmXTc+lS/yeUtoT+fJh/uczEj4MU=
github.com/pedroalbanese/noekeon v0.0.0-20240325185408-f90c60f5190f h1:caqvKxlrANDDoyw5kaJI/jTwi6mQ6Kf9TfyvPya3eWI=
github.com/pedroalbanese/noekeon v0.0.0-20240325185408-f90c60f5190f/go.mod h1:EU9JfJfUL1/CHNbBTZQ53twTUaXVhYivkJKQNmZ4NI4=
github.com/pedroalbanese/ocb v0.0.0-20230501153203-7d2a80fe6a75 h1:HebmTqQwgn/gCSlkx/knOOm9hdChtzGVA5aBykymRjU=
github.com/pedroalbanese/ocb v0.0.0-20230501153203-7d2a80fe6a75/go.mod h1:dlllB0nX79F4Pfwaf5HOgrZ97nQE6ISo4lK2DHPZOlw=
github.com/pedroalbanese/ocb3 v0.0.0-20230127113333-c403200ee5a8 h1:dfg/L4zQg5g0sYyR5SnXdqwDIfQUa2Gt0X4pA0tRAm8=
github.com/pedroalbanese/ocb3 v0.0.0-20230127113333-c403200ee5a8/go.mod h1:IWXK6lfpkAL1e5YtIku4d+6cZNlxu7+NpABckKwaVC0=
github.com/pedroalbanese/panama v0.0.0-20240325185906-f9d6500cb56b h1:vYTR/DxOdzoaaT0SLkgAl8W07caWIauTY7DboGn036A=
github.com/pedroalbanese/panama v0.0.0-20240325185906-f9d6500cb56b/go.mod h1:yBu1efo/Rh/R8T/BEouh3QtLqXXioeI5MT8UZTUY5Uo=
github.com/pedroalbanese/pmac v0.0.0-20240715205711-f4d312cbf6c5 h1:aAP1McSRlLhwZLw/fq8yVlXQdYJFTD+ZYZa5x1Ef2cE=
github.com/pedroalbanese/pmac v0.0.0-20240715205711-f4d312cbf6c5/go.mod h1:gcomSeqoCX+TqezdqwWmawVM3fMYfkQzPQGvdD05oa0=
github.com/pedroalbanese/present v0.0.0-20240325185615-de3b5340e616 h1:VW2Fk3abLMKk3OSgi7mwiOE1cOM3f0WIJZVqAQUBndQ=
github.com/pedroalbanese/present v0.0.0-20240325185615-de3b5340e616/go.mod h1:icukKC0YVdziTf84j3RMM/gsgkOevawx6RK5ryq9rCA=
github.com/pedroalbanese/rabbitio v0.0.0-20230209212404-cffc97bafde8 h1:hX/DUv+poyEhCCShks90WRD9JiOw2Am73w4+ynIBO8g=
github.com/pedroalbanese/rabbitio v0.0.0-20230209212404-cffc97bafde8/go.mod h1:MmrAYZpoio8QcKfgalZGmVW+i2MJnnTqE99jDfBIgyE=
github.com/pedroalbanese/radio_gatun v0.0.0-20240520204859-03d5d3af41c3 h1:sw4oVrJN8X7HpbgJfiiNFucfjtAVrB/fbuWMl+xCFmU=
github.com/pedroalbanese/radio_gatun v0.0.0-20240520204859-03d5d3af41c3/go.mod h1:06qiijoMNRnYSUPmbaCA9ZytQpzz+FOzhFk9LksDYDI=
github.com/pedroalbanese/randomart v0.0.0-20130402080559-540116cac932 h1:lhyWm5kEilIJI800qc210GWsjJmln9o3vEr71nur//U=
github.com/pedroalbanese/randomart v0.0.0-20130402080559-540116cac932/go.mod h1:VkPk1ppMWhMMgMxu4kLy8vGEvxY3Q+hp/SN9za0GKxc=
github.com/pedroalbanese/rc2 v0.0.0-20131011165748-24b9757f5521 h1:ObGXSrJQ6vQQrCU+A0ywvQVtFv5g0RnMZIhMhQ8e7O0=
github.com/pedroalbanese/rc2 v0.0.0-20131011165748-24b9757f5521/go.mod h1:BOC4I1JujHVVw3USD93sIGqc7jJhuWuIM5ktBhoKuco=
github.com/pedroalbanese/secp256k1 v0.1.3 h1:XmLIaFhMnHwDfvDV4bmZCEqnaBJ6aYdip782PHB6KcA=
github.com/pedroalbanese/secp256k1 v0.1.3/go.mod h1:EojpbgO+hzxqvWd/PHHU80GBFo1H3f0TLsg8uvwBOFM=
github.com/pedroalbanese/shacal2 v0.0.0-20240911175924-cbeaa118c471 h1:Vowj5S2FIh0GIg1imAuhCPjd1ASYLKkFLao8ue111tE=
github.com/pedroalbanese/shacal2 v0.0.0-20240911175924-cbeaa118c471/go.mod h1:bWZcx0Co4UdLZ5Bq3O6TeMdoVKZF83gfBS4IRd+diPo=
github.com/pedroalbanese/shavite v0.0.0-20240518173728-5c0c7c528bc7 h1:tL7V7WlvJgewJcqVefTYyhFFy6q7drdU0KwOoAhkjbw=
github.com/pedroalbanese/shavite v0.0.0-20240518173728-5c0c7c528bc7/go.mod h1:HYtZ0CPl+LnTvzExrbEYH6cwBM3LRzt13c7Jxwb4l98=
github.com/pedroalbanese/simd v0.0.0-20240518173711-b73ebc90aae8 h1:mlApyl+IEN75Q/LyZUFfBSpx68evoOtSurL1WVkDrRo=
github.com/pedroalbanese/simd v0.0.0-20240518173711-b73ebc90aae8/go.mod h1:LxkGKUarcIlPsj46P3n2yKAaFXjiyIOvZ2UGlE3lSOQ=
github.com/pedroalbanese/siphash v1.0.1 h1:T+TonhTNw2HlCrsEBuaNb7lDOx4Kw6V4RpjDVRaNKHc=
github.com/pedroalbanese/siphash v1.0.1/go.mod h1:jrEGQdGbMiXT88+cH4rWlcyCMUTjPbL5nAA44uYurV8=
github.com/pedroalbanese/siv v0.0.2 h1:7a4k9CD8EVcVYBWKReqo7JLpLcIRs9CNIA166wKGOH8=
github.com/pedroalbanese/siv v0.0.2/go.mod h1:SFmowN5wWV+l4Ng3SYMfTn5L3XG+1l/neGYsP9Kxs74=
github.com/pedroalbanese/skein v0.0.0-20230124182825-ffe5e4ff3827 h1:G/kNAvy3w24SMiLmgYTSw0UnM5BQXhE/LMvReBMSUL0=
github.com/pedroalbanese/skein v0.0.0-20230124182825-ffe5e4ff3827/go.mod h1:J5wSYblFVORXYLHPm3JoIZfB8yd3VI7C2TIfLLddO/Y=
github.com/pedroalbanese/skein-1 v0.0.0-20171112102903-d7f1022db390 h1:OTTGLPoKatDyEYGK0xzhoTdCdNK51yXB9dTwKobeV44=
github.com/pedroalbanese/skein-1 v0.0.0-20171112102903-d7f1022db390/go.mod h1:xQQEatlQb9wuT6Wkhjheo7jz6ToP55zd8PB2pm+2mT0=
github.com/pedroalbanese/spritz v0.0.0-20140823220804-e125bc694ec3 h1:5W1zZxV+ngctweXfDxZSKlL7QsXxu14BpQ5qkrtjgx8=
github.com/pedroalbanese/spritz v0.0.0-20140823220804-e125bc694ec3/go.mod h1:JCWryqsBv4ENKm0gjitOXlt7kS++zEeMdNkMpvSvwXM=
github.com/pedroalbanese/threefish v0.0.0-20230828205611-8dc287bb1622 h1:OCUTDZV5e4MBOem1u3do6HuIQj0dyJZhIGCR83d/2Fc=
github.com/pedroalbanese/threefish v0.0.0-20230828205611-8dc287bb1622/go.mod h1:mWV6KwRTB01M/RYDgp6EqqmmtaMv3qP3vltn6UiPY6Q=
github.com/pedroalbanese/tiger v0.0.0-20220128183340-a7e964767a9d h1:L0+QApMpJpdoNfEa/jziiTLNz3a+huk0B2kmTKmOx20=
github.com/pedroalbanese/tiger v0.0.0-20220128183340-a7e964767a9d/go.mod h1:iPwiPHMetkupe2zwZyiBaTx0r4V3J5aVS/75uLCASfI=
github.com/pedroalbanese/tom v0.0.0-20250217214909-06ec2eb8275c h1:DxEpVOtUnSi3S6jUP4Vyknbenc/+Gg8wprlHz1B4Oog=
github.com/pedroalbanese/tom v0.0.0-20250217214909-06ec2eb8275c/go.mod h1:cHujc5QKz6gmkgki3Bh5a1zZY/VYtbCT6K8KBgk5FSI=
github.com/pedroalbanese/tom v0.0.0-20250223230425-48c638ddd9d0 h1:sDliIQkdfASBeITKpvpxTivu1ZCNpwlh4T3QUN5bycQ=
github.com/pedroalbanese/tom v0.0.0-20250223230425-48c638ddd9d0/go.mod h1:cHujc5QKz6gmkgki3Bh5a1zZY/VYtbCT6K8KBgk5FSI=
github.com/pedroalbanese/tom v0.0.0-20250223231708-4655c68206d1 h1:w6k2ZRYZ3ogfn9lBjNVOl1hcEmsaKkDKqqJJKX39amM=
github.com/pedroalbanese/tom v0.0.0-20250223231708-4655c68206d1/go.mod h1:cHujc5QKz6gmkgki3Bh5a1zZY/VYtbCT6K8KBgk5FSI=
github.com/pedroalbanese/tom v0.0.0-20250223235033-cc9e04ce1d5a h1:Ssbk9nYwb7XRFARs0BqoP+5Ylg9EDv+YAnKNwhzeCkI=
github.com/pedroalbanese/tom v0.0.0-20250223235033-cc9e04ce1d5a/go.mod h1:cHujc5QKz6gmkgki3Bh5a1zZY/VYtbCT6K8KBgk5FSI=
github.com/pedroalbanese/tom v0.0.0-20250224010424-bdbaf30ed49c h1:kRwo9jigLaJ+BryvjQxOhEu4GtU+piTjC8/MKktDrXw=
github.com/pedroalbanese/tom v0.0.0-20250224010424-bdbaf30ed49c/go.mod h1:cHujc5QKz6gmkgki3Bh5a1zZY/VYtbCT6K8KBgk5FSI=
github.com/pedroalbanese/tom v0.0.0-20250228144139-37f73afe2481 h1:iVw/IMQ5X2zbCDMvqpgIrLy0aGZGchuvdekgiPbxBgo=
github.com/pedroalbanese/tom v0.0.0-20250228144139-37f73afe2481/go.mod h1:cHujc5QKz6gmkgki3Bh5a1zZY/VYtbCT6K8KBgk5FSI=
github.com/pedroalbanese/tom v0.0.0-20250228151149-4b9f8ba0f171 h1:AYdAomdJjfUcibsFrgkg0crbNWEkSQoKpcsWv5NWxGA=
github.com/pedroalbanese/tom v0.0.0-20250228151149-4b9f8ba0f171/go.mod h1:cHujc5QKz6gmkgki3Bh5a1zZY/VYtbCT6K8KBgk5FSI=
github.com/pedroalbanese/tom v0.0.0-20250228211028-987ea6c1589b h1:ueZyvX6UJ7/ZH/K9Ms2FDQ6VCNA/IqTVM7S+T8JebjE=
github.com/pedroalbanese/tom v0.0.0-20250228211028-987ea6c1589b/go.mod h1:cHujc5QKz6gmkgki3Bh5a1zZY/VYtbCT6K8KBgk5FSI=
github.com/pedroalbanese/trivium v0.0.0-20170225064545-3bc0ea456f63 h1:yCEZ0ctjjiIr8EAUqqfcLc+wO51WkMpuNd/j/bZ94KU=
github.com/pedroalbanese/trivium v0.0.0-20170225064545-3bc0ea456f63/go.mod h1:vwudD8Hl3PTug52vZyuCk56sZkJho/UOPrZ0mNLAliw=
github.com/pedroalbanese/twine v0.0.0-20240325185833-a027b56be619 h1:4ivVe/VS0Ww4hf5q7EvG/Xdqw2z4+NIa31AYp6bSQPo=
github.com/pedroalbanese/twine v0.0.0-20240325185833-a027b56be619/go.mod h1:uFICSVTc3c9NHS6CRBLDxHEtuRn6bPisfYAHVyQfDy8=
github.com/pedroalbanese/vmac v0.0.0-20231111194716-1a03aacdcb4c h1:69jHAdR8JFnFbgEXZn54qfwvlA8LQl1QUcZXYe2gJPk=
github.com/pedroalbanese/vmac v0.0.0-20231111194716-1a03aacdcb4c/go.mod h1:ecUHK2kTeoKq+YJuQAZHV9WiZcpC5P8VXMBduJaMLmw=
github.com/pedroalbanese/whirlpool v0.0.0-20220911221330-8ad94dd14447 h1:ouut+zeswugb4asBoOejuy+hFWvXXnVPFnKJmDFtoko=
github.com/pedroalbanese/whirlpool v0.0.0-20220911221330-8ad94dd14447/go.mod h1:hmEg12nLjNeVJaroqA6z3wubkSxGRVohaAD4cNuysRg=
github.com/pedroalbanese/xoodoo v0.0.0-20230124190939-64aa038b97c6 h1:DCyHQIq9uE4RrPSobh7WCybTxSdXlNF/AwmKRkDE/AQ=
github.com/pedroalbanese/xoodoo v0.0.0-20230124190939-64aa038b97c6/go.mod h1:ziHgtQ/DwLq+fL0BC55to81BEzKBeVjyOeDIU8pOB8k=
github.com/pkg/errors v0.9.1 h1:FEBLx1zS214owpjy7qsBeixbURkuhQAwrK5UwLGTwt4=
github.com/pkg/errors v0.9.1/go.mod h1:bwawxfHBFNV+L2hUp1rHADufV3IMtnDRdf1r5NINEl0=
github.com/pmezard/go-difflib v1.0.0 h1:4DBwDE0NGyQoBHbLQYPwSUPoCMWR5BEzIk/f1lZbAQM=
github.com/pmezard/go-difflib v1.0.0/go.mod h1:iKH77koFhYxTK1pcRnkKkqfTogsbg7gZNVY4sRDYZ/4=
github.com/stretchr/objx v0.1.0/go.mod h1:HFkY916IF+rwdDfMAkV7OtwuqBVzrE8GR6GFx+wExME=
github.com/stretchr/testify v1.3.0/go.mod h1:M5WIy9Dh21IEIfnGCwXGc5bZfKNJtfHm1UVUgZn+9EI=
github.com/stretchr/testify v1.6.1/go.mod h1:6Fq8oRcR53rry900zMqJjRRixrwX3KX962/h/Wwjteg=
github.com/stretchr/testify v1.7.0 h1:nwc3DEeHmmLAfoZucVR881uASk0Mfjw8xYJ99tb5CcY=
github.com/stretchr/testify v1.7.0/go.mod h1:6Fq8oRcR53rry900zMqJjRRixrwX3KX962/h/Wwjteg=
github.com/yuin/goldmark v1.4.13/go.mod h1:6yULJ656Px+3vBD8DxQVa3kxgyrAnzto9xy5taEt/CY=
github.com/yuin/goldmark v1.7.1/go.mod h1:uzxRWxtg69N339t3louHJ7+O03ezfj6PlliRlaOzY1E=
github.com/zeebo/assert v1.1.0 h1:hU1L1vLTHsnO8x8c9KAR5GmM5QscxHg5RNU5z5qbUWY=
github.com/zeebo/assert v1.1.0/go.mod h1:Pq9JiuJQpG8JLJdtkwrJESF0Foym2/D9XMU5ciN/wJ0=
github.com/zeebo/blake3 v0.2.3 h1:TFoLXsjeXqRNFxSbk35Dk4YtszE/MQQGK10BH4ptoTg=
github.com/zeebo/blake3 v0.2.3/go.mod h1:mjJjZpnsyIVtVgTOSpJ9vmRE4wgDeyt2HU3qXvvKCaQ=
github.com/zeebo/pcg v1.0.1 h1:lyqfGeWiv4ahac6ttHs+I5hwtH/+1mrhlCtVNQM2kHo=
github.com/zeebo/pcg v1.0.1/go.mod h1:09F0S9iiKrwn9rlI5yjLkmrug154/YRW6KnnXVDM/l4=
golang.org/x/crypto v0.31.0 h1:ihbySMvVjLAeSH1IbfcRTkD/iNscyz8rGzjF/E5hV6U=
golang.org/x/crypto v0.31.0/go.mod h1:kDsLvtWBEx7MV9tJOj9bnXsPbxwJQ6csT/x4KIN4Ssk=
golang.org/x/mod v0.6.0-dev.0.20220419223038-86c51ed26bb4/go.mod h1:jJ57K6gSWd91VN4djpZkiMVwK6gcyfeH4XE8wZrZaV4=
golang.org/x/mod v0.8.0/go.mod h1:iBbtSCu2XBx23ZKBPSOrRkjjQPZFPuis4dIYUhu/chs=
golang.org/x/mod v0.12.0/go.mod h1:iBbtSCu2XBx23ZKBPSOrRkjjQPZFPuis4dIYUhu/chs=
golang.org/x/mod v0.15.0/go.mod h1:hTbmBsO62+eylJbnUtE2MGJUyE7QWk4xUqPFrRgJ+7c=
golang.org/x/mod v0.17.0/go.mod h1:hTbmBsO62+eylJbnUtE2MGJUyE7QWk4xUqPFrRgJ+7c=
golang.org/x/net v0.0.0-20190620200207-3b0461eec859/go.mod h1:z5CRVTTTmAJ677TzLLGU+0bjPO0LkuOLi4/5GtJWs/s=
golang.org/x/net v0.0.0-20220722155237-a158d28d115b/go.mod h1:XRhObCWvk6IyKnWLug+ECip1KBveYUHfp+8e9klMJ9c=
golang.org/x/net v0.0.0-20220826154423-83b083e8dc8b/go.mod h1:YDH+HFinaLZZlnHAfSS6ZXJJ9M9t4Dl22yv3iI2vPwk=
golang.org/x/net v0.0.0-20220909164309-bea034e7d591/go.mod h1:YDH+HFinaLZZlnHAfSS6ZXJJ9M9t4Dl22yv3iI2vPwk=
golang.org/x/net v0.6.0/go.mod h1:2Tu9+aMcznHK/AK1HMvgo6xiTLG5rD5rZLDS+rp2Bjs=
golang.org/x/net v0.15.0/go.mod h1:idbUs1IY1+zTqbi8yxTbhexhEEk5ur9LInksu6HrEpk=
golang.org/x/net v0.21.0/go.mod h1:bIjVDfnllIU7BJ2DNgfnXvpSvtn8VRwhlsaeUTyUS44=
golang.org/x/net v0.24.0/go.mod h1:2Q7sJY5mzlzWjKtYUEXSlBWCdyaioyXzRB2RtU8KVE8=
golang.org/x/net v0.25.0/go.mod h1:JkAGAh7GEvH74S6FOH42FLoXpXbE/aqXSrIQjXgsiwM=
golang.org/x/sync v0.0.0-20190423024810-112230192c58/go.mod h1:RxMgew5VJxzue5/jJTE5uejpjVlOe/izrB70Jof72aM=
golang.org/x/sync v0.0.0-20220722155255-886fb9371eb4/go.mod h1:RxMgew5VJxzue5/jJTE5uejpjVlOe/izrB70Jof72aM=
golang.org/x/sync v0.1.0/go.mod h1:RxMgew5VJxzue5/jJTE5uejpjVlOe/izrB70Jof72aM=
golang.org/x/sync v0.3.0/go.mod h1:FU7BRWz2tNW+3quACPkgCx/L+uEAv1htQ0V83Z9Rj+Y=
golang.org/x/sync v0.6.0/go.mod h1:Czt+wKu1gCyEFDUtn0jG5QVvpJ6rzVqr5aXyt9drQfk=
golang.org/x/sync v0.7.0/go.mod h1:Czt+wKu1gCyEFDUtn0jG5QVvpJ6rzVqr5aXyt9drQfk=
golang.org/x/sync v0.10.0/go.mod h1:Czt+wKu1gCyEFDUtn0jG5QVvpJ6rzVqr5aXyt9drQfk=
golang.org/x/sys v0.0.0-20190215142949-d0b11bdaac8a/go.mod h1:STP8DvDyc/dI5b8T5hshtkjS+E42TnysNCUPdjciGhY=
golang.org/x/sys v0.0.0-20210119212857-b64e53b001e4/go.mod h1:h1NjWce9XRLGQEsW7wpKNCjG9DtNlClVuFLEZdDNbEs=
golang.org/x/sys v0.0.0-20210615035016-665e8c7367d1/go.mod h1:oPkhp1MJrh7nUepCBck5+mAzfO9JrbApNNgaTdGDITg=
golang.org/x/sys v0.0.0-20220520151302-bc2c85ada10a/go.mod h1:oPkhp1MJrh7nUepCBck5+mAzfO9JrbApNNgaTdGDITg=
golang.org/x/sys v0.0.0-20220722155257-8c9f86f7a55f/go.mod h1:oPkhp1MJrh7nUepCBck5+mAzfO9JrbApNNgaTdGDITg=
golang.org/x/sys v0.0.0-20220728004956-3c1f35247d10/go.mod h1:oPkhp1MJrh7nUepCBck5+mAzfO9JrbApNNgaTdGDITg=
golang.org/x/sys v0.5.0/go.mod h1:oPkhp1MJrh7nUepCBck5+mAzfO9JrbApNNgaTdGDITg=
golang.org/x/sys v0.12.0/go.mod h1:oPkhp1MJrh7nUepCBck5+mAzfO9JrbApNNgaTdGDITg=
golang.org/x/sys v0.15.0/go.mod h1:/VUhepiaJMQUp4+oa/7Zr1D23ma6VTLIYjOOTFZPUcA=
golang.org/x/sys v0.17.0/go.mod h1:/VUhepiaJMQUp4+oa/7Zr1D23ma6VTLIYjOOTFZPUcA=
golang.org/x/sys v0.19.0/go.mod h1:/VUhepiaJMQUp4+oa/7Zr1D23ma6VTLIYjOOTFZPUcA=
golang.org/x/sys v0.20.0/go.mod h1:/VUhepiaJMQUp4+oa/7Zr1D23ma6VTLIYjOOTFZPUcA=
golang.org/x/sys v0.28.0 h1:Fksou7UEQUWlKvIdsqzJmUmCX3cZuD2+P3XyyzwMhlA=
golang.org/x/sys v0.28.0/go.mod h1:/VUhepiaJMQUp4+oa/7Zr1D23ma6VTLIYjOOTFZPUcA=
golang.org/x/telemetry v0.0.0-20240228155512-f48c80bd79b2/go.mod h1:TeRTkGYfJXctD9OcfyVLyj2J3IxLnKwHJR8f4D8a3YE=
golang.org/x/telemetry v0.0.0-20240405141642-5e7a33625e65/go.mod h1:W6pterlIx28wS98MzYROSpZ8u12XJW5a0ZVeaJ6pfSo=
golang.org/x/term v0.0.0-20210927222741-03fcf44c2211/go.mod h1:jbD1KX2456YbFQfuXm/mYQcufACuNUgVhRMnK/tPxf8=
golang.org/x/term v0.5.0/go.mod h1:jMB1sMXY+tzblOD4FWmEbocvup2/aLOaQEp7JmGp78k=
golang.org/x/term v0.12.0/go.mod h1:owVbMEjm3cBLCHdkQu9b1opXd4ETQWc3BhuQGKgXgvU=
golang.org/x/term v0.17.0/go.mod h1:lLRBjIVuehSbZlaOtGMbcMncT+aqLLLmKrsjNrUguwk=
golang.org/x/term v0.19.0/go.mod h1:2CuTdWZ7KHSQwUzKva0cbMg6q2DMI3Mmxp+gKJbskEk=
golang.org/x/term v0.20.0/go.mod h1:8UkIAJTvZgivsXaD6/pH6U9ecQzZ45awqEOzuCvwpFY=
golang.org/x/term v0.27.0 h1:WP60Sv1nlK1T6SupCHbXzSaN0b9wUmsPoRS9b61A23Q=
golang.org/x/term v0.27.0/go.mod h1:iMsnZpn0cago0GOrHO2+Y7u7JPn5AylBrcoWkElMTSM=
golang.org/x/text v0.3.0/go.mod h1:NqM8EUOU14njkJ3fqMW+pc6Ldnwhi/IjpwHt7yyuwOQ=
golang.org/x/text v0.3.7/go.mod h1:u+2+/6zg+i71rQMx5EYifcz6MCKuco9NR6JIITiCfzQ=
golang.org/x/text v0.7.0/go.mod h1:mrYo+phRRbMaCq/xk9113O4dZlRixOauAjOtrjsXDZ8=
golang.org/x/text v0.13.0/go.mod h1:TvPlkZtksWOMsz7fbANvkp4WM8x/WCo/om8BMLbz+aE=
golang.org/x/text v0.14.0/go.mod h1:18ZOQIKpY8NJVqYksKHtTdi31H5itFRjB5/qKTNYzSU=
golang.org/x/text v0.15.0/go.mod h1:18ZOQIKpY8NJVqYksKHtTdi31H5itFRjB5/qKTNYzSU=
golang.org/x/text v0.21.0/go.mod h1:4IBbMaMmOPCJ8SecivzSH54+73PCFmPWxNTLm+vZkEQ=
golang.org/x/tools v0.0.0-20180917221912-90fa682c2a6e/go.mod h1:n7NCudcB/nEzxVGmLbDWY5pfWTLqBcC2KZ6jyYvM4mQ=
golang.org/x/tools v0.0.0-20191119224855-298f0cb1881e/go.mod h1:b+2E5dAYhXwXZwtnZ6UAqBI28+e2cm9otk0dWdXHAEo=
golang.org/x/tools v0.1.12/go.mod h1:hNGJHUnrk76NpqgfD5Aqm5Crs+Hm0VOH/i9J2+nxYbc=
golang.org/x/tools v0.6.0/go.mod h1:Xwgl3UAJ/d3gWutnCtw505GrjyAbvKui8lOU390QaIU=
golang.org/x/tools v0.13.0/go.mod h1:HvlwmtVNQAhOuCjW7xxvovg8wbNq7LwfXh/k7wXUl58=
golang.org/x/tools v0.20.0/go.mod h1:WvitBU7JJf6A4jOdg4S1tviW9bhUxkgeCui/0JHctQg=
golang.org/x/tools v0.21.1-0.20240508182429-e35e4ccd0d2d/go.mod h1:aiJjzUbINMkxbQROHiO6hDPo2LHcIPhhQsa9DLh0yGk=
golang.org/x/xerrors v0.0.0-20190717185122-a985d3407aa7/go.mod h1:I/5z698sn9Ka8TeJc9MKroUUfqBBauWjQqLJ2OPfmY0=
gopkg.in/check.v1 v0.0.0-20161208181325-20d25e280405/go.mod h1:Co6ibVJAznAaIkqp8huTwlJQCZ016jof/cbN4VW5Yz0=
gopkg.in/check.v1 v1.0.0-20201130134442-10cb98267c6c/go.mod h1:JHkPIbrfpd72SG/EVd6muEfDQjcINNoR0C8j2r3qZ4Q=
gopkg.in/yaml.v3 v3.0.0-20200313102051-9f266ea9e77c/go.mod h1:K4uyk7z7BCEPqu6E+C64Yfv1cQ7kz7rIZviUmN+EgEM=
gopkg.in/yaml.v3 v3.0.1 h1:fxVm/GzAzEWqLHuvctI91KS9hhNmmWOoWu0XTYJS7CA=
gopkg.in/yaml.v3 v3.0.1/go.mod h1:K4uyk7z7BCEPqu6E+C64Yfv1cQ7kz7rIZviUmN+EgEM=
